// !$*UTF8*$!
{
	archiveVersion = 1;
	classes = {
	};
	objectVersion = 55;
	objects = {

/* Begin PBXBuildFile section */
		7DB60416296F141500A0AAFA /* STContentVController.swift in Sources */ = {isa = PBXBuildFile; fileRef = 7DB60415296F141500A0AAFA /* STContentVController.swift */; };
		7DB60418296FB65500A0AAFA /* STChatsVController.swift in Sources */ = {isa = PBXBuildFile; fileRef = 7DB60417296FB65500A0AAFA /* STChatsVController.swift */; };
		7DB6041A296FB75F00A0AAFA /* STContactVController.swift in Sources */ = {isa = PBXBuildFile; fileRef = 7DB60419296FB75F00A0AAFA /* STContactVController.swift */; };
		7DB6041C296FB78500A0AAFA /* STDiscoverVController.swift in Sources */ = {isa = PBXBuildFile; fileRef = 7DB6041B296FB78500A0AAFA /* STDiscoverVController.swift */; };
		7DB6041E296FB79A00A0AAFA /* STMineVController.swift in Sources */ = {isa = PBXBuildFile; fileRef = 7DB6041D296FB79A00A0AAFA /* STMineVController.swift */; };
		AB12F97B29A34C1000C639B6 /* STLoginView.swift in Sources */ = {isa = PBXBuildFile; fileRef = AB12F97A29A34C1000C639B6 /* STLoginView.swift */; };
		AB12F97E29A392E100C639B6 /* UIColor+.swift in Sources */ = {isa = PBXBuildFile; fileRef = AB12F97D29A392E100C639B6 /* UIColor+.swift */; };
		AB12F98029A396E900C639B6 /* STLoginVController.swift in Sources */ = {isa = PBXBuildFile; fileRef = AB12F97F29A396E900C639B6 /* STLoginVController.swift */; };
		AB12F9A729A4C26A00C639B6 /* Localizable.strings in Resources */ = {isa = PBXBuildFile; fileRef = AB12F9A929A4C26A00C639B6 /* Localizable.strings */; };
		AB12F9AC29A4C62400C639B6 /* String+.swift in Sources */ = {isa = PBXBuildFile; fileRef = AB12F9AB29A4C62400C639B6 /* String+.swift */; };
		AB12F9B329A85F5C00C639B6 /* STNavigationTableCell.swift in Sources */ = {isa = PBXBuildFile; fileRef = AB12F9B229A85F5C00C639B6 /* STNavigationTableCell.swift */; };
		AB12F9B729A8A7A500C639B6 /* STNavigationListVController.swift in Sources */ = {isa = PBXBuildFile; fileRef = AB12F9B629A8A7A500C639B6 /* STNavigationListVController.swift */; };
		AB12F9B929A8CC2D00C639B6 /* STNavigationListView.swift in Sources */ = {isa = PBXBuildFile; fileRef = AB12F9B829A8CC2D00C639B6 /* STNavigationListView.swift */; };
		AB12F9BD29AA169100C639B6 /* STNavigationEditorView.swift in Sources */ = {isa = PBXBuildFile; fileRef = AB12F9BC29AA169100C639B6 /* STNavigationEditorView.swift */; };
		AB12F9C029AA28BA00C639B6 /* ComponentFactory.swift in Sources */ = {isa = PBXBuildFile; fileRef = AB12F9BF29AA28BA00C639B6 /* ComponentFactory.swift */; };
		AB12F9C229AA345300C639B6 /* STNavigationEditorVController.swift in Sources */ = {isa = PBXBuildFile; fileRef = AB12F9C129AA345300C639B6 /* STNavigationEditorVController.swift */; };
		AB12F9C829AB67DD00C639B6 /* STKit.swift in Sources */ = {isa = PBXBuildFile; fileRef = AB12F9C729AB67DD00C639B6 /* STKit.swift */; };
		AB12F9CA29AB682300C639B6 /* STLoginManager.swift in Sources */ = {isa = PBXBuildFile; fileRef = AB12F9C929AB682300C639B6 /* STLoginManager.swift */; };
		AB12F9CC29AB682F00C639B6 /* STNavigationManager.swift in Sources */ = {isa = PBXBuildFile; fileRef = AB12F9CB29AB682F00C639B6 /* STNavigationManager.swift */; };
		AB12F9D129AB6ADB00C639B6 /* STHttpClient.swift in Sources */ = {isa = PBXBuildFile; fileRef = AB12F9D029AB6ADB00C639B6 /* STHttpClient.swift */; };
		AB12F9D329AB6C4000C639B6 /* STLogger.swift in Sources */ = {isa = PBXBuildFile; fileRef = AB12F9D229AB6C4000C639B6 /* STLogger.swift */; };
		AB12F9D529AB7E1400C639B6 /* RSAUtil.swift in Sources */ = {isa = PBXBuildFile; fileRef = AB12F9D429AB7E1400C639B6 /* RSAUtil.swift */; };
		AB12F9D829AB847600C639B6 /* rsa_public_key.pem in Resources */ = {isa = PBXBuildFile; fileRef = AB12F9D729AB847600C639B6 /* rsa_public_key.pem */; };
		AB12F9E529AC425500C639B6 /* STIdentifiers.swift in Sources */ = {isa = PBXBuildFile; fileRef = AB12F9E429AC425500C639B6 /* STIdentifiers.swift */; };
		AB12F9E729AC4BEC00C639B6 /* STApiResponse.swift in Sources */ = {isa = PBXBuildFile; fileRef = AB12F9E629AC4BEC00C639B6 /* STApiResponse.swift */; };
		AB12F9EC29AC79DD00C639B6 /* STApiResult.swift in Sources */ = {isa = PBXBuildFile; fileRef = AB12F9EB29AC79DD00C639B6 /* STApiResult.swift */; };
		AB12F9EE29AC8D6700C639B6 /* STLoaingVController.swift in Sources */ = {isa = PBXBuildFile; fileRef = AB12F9ED29AC8D6700C639B6 /* STLoaingVController.swift */; };
		AB12F9F029AC8E2F00C639B6 /* UIViewController+.swift in Sources */ = {isa = PBXBuildFile; fileRef = AB12F9EF29AC8E2F00C639B6 /* UIViewController+.swift */; };
		AB12F9F229AE531A00C639B6 /* STSwitchController.swift in Sources */ = {isa = PBXBuildFile; fileRef = AB12F9F129AE531A00C639B6 /* STSwitchController.swift */; };
		AB12F9F429AE56F400C639B6 /* STAppState.swift in Sources */ = {isa = PBXBuildFile; fileRef = AB12F9F329AE56F400C639B6 /* STAppState.swift */; };
		AB12F9F629AE574700C639B6 /* STLoginDelegate.swift in Sources */ = {isa = PBXBuildFile; fileRef = AB12F9F529AE574700C639B6 /* STLoginDelegate.swift */; };
		AB8BBB0829B85C6F00125DAB /* STUserState.swift in Sources */ = {isa = PBXBuildFile; fileRef = AB8BBB0729B85C6F00125DAB /* STUserState.swift */; };
		AB8BBB0F29B87E5C00125DAB /* STChatTableCell.swift in Sources */ = {isa = PBXBuildFile; fileRef = AB8BBB0E29B87E5C00125DAB /* STChatTableCell.swift */; };
		AB8BBB1129B8AAFA00125DAB /* STBadgeView.swift in Sources */ = {isa = PBXBuildFile; fileRef = AB8BBB1029B8AAFA00125DAB /* STBadgeView.swift */; };
		AB8BBB1329B9EDEE00125DAB /* STChat.swift in Sources */ = {isa = PBXBuildFile; fileRef = AB8BBB1229B9EDEE00125DAB /* STChat.swift */; };
		AB8BBB1529B9F3B100125DAB /* DateUtil.swift in Sources */ = {isa = PBXBuildFile; fileRef = AB8BBB1429B9F3B100125DAB /* DateUtil.swift */; };
		AB8BBB1729BB00C000125DAB /* UIImageView+.swift in Sources */ = {isa = PBXBuildFile; fileRef = AB8BBB1629BB00C000125DAB /* UIImageView+.swift */; };
		AB8BBB1B29BC594200125DAB /* UINavigationItem+.swift in Sources */ = {isa = PBXBuildFile; fileRef = AB8BBB1A29BC594200125DAB /* UINavigationItem+.swift */; };
		AB8BBB1E29BC958F00125DAB /* FileCacher.swift in Sources */ = {isa = PBXBuildFile; fileRef = AB8BBB1D29BC958F00125DAB /* FileCacher.swift */; };
		AB8BBB2029BC95CB00125DAB /* FileStorage.swift in Sources */ = {isa = PBXBuildFile; fileRef = AB8BBB1F29BC95CB00125DAB /* FileStorage.swift */; };
		ABA21320296EA95C00F1D2F7 /* AppDelegate.swift in Sources */ = {isa = PBXBuildFile; fileRef = ABA2131F296EA95C00F1D2F7 /* AppDelegate.swift */; };
		ABA21324296EA95C00F1D2F7 /* STMainVController.swift in Sources */ = {isa = PBXBuildFile; fileRef = ABA21323296EA95C00F1D2F7 /* STMainVController.swift */; };
		ABA21327296EA95C00F1D2F7 /* Main.storyboard in Resources */ = {isa = PBXBuildFile; fileRef = ABA21325296EA95C00F1D2F7 /* Main.storyboard */; };
		ABA2132A296EA95C00F1D2F7 /* Startalk.xcdatamodeld in Sources */ = {isa = PBXBuildFile; fileRef = ABA21328296EA95C00F1D2F7 /* Startalk.xcdatamodeld */; };
		ABA2132C296EA95D00F1D2F7 /* Assets.xcassets in Resources */ = {isa = PBXBuildFile; fileRef = ABA2132B296EA95D00F1D2F7 /* Assets.xcassets */; };
		ABA2132F296EA95D00F1D2F7 /* LaunchScreen.storyboard in Resources */ = {isa = PBXBuildFile; fileRef = ABA2132D296EA95D00F1D2F7 /* LaunchScreen.storyboard */; };
		ABF80B4F29AF3A6000EA1861 /* STQrCodeUtil.swift in Sources */ = {isa = PBXBuildFile; fileRef = ABF80B4E29AF3A6000EA1861 /* STQrCodeUtil.swift */; };
		ABF80B5129AF6A0E00EA1861 /* STBaseScanVController.swift in Sources */ = {isa = PBXBuildFile; fileRef = ABF80B5029AF6A0E00EA1861 /* STBaseScanVController.swift */; };
		ABF80B5529B0B13B00EA1861 /* STScanLineView.swift in Sources */ = {isa = PBXBuildFile; fileRef = ABF80B5429B0B13B00EA1861 /* STScanLineView.swift */; };
		ABF80B5829B0BAA600EA1861 /* STBaseScanView.swift in Sources */ = {isa = PBXBuildFile; fileRef = ABF80B5729B0BAA600EA1861 /* STBaseScanView.swift */; };
		ABF80B5D29B1E04D00EA1861 /* STScanView.swift in Sources */ = {isa = PBXBuildFile; fileRef = ABF80B5C29B1E04D00EA1861 /* STScanView.swift */; };
		ABF80B5F29B1E05F00EA1861 /* STScanVController.swift in Sources */ = {isa = PBXBuildFile; fileRef = ABF80B5E29B1E05F00EA1861 /* STScanVController.swift */; };
		ABF80B6229B4C50800EA1861 /* STNavigationLocation.swift in Sources */ = {isa = PBXBuildFile; fileRef = ABF80B6129B4C50800EA1861 /* STNavigationLocation.swift */; };
		ABF80B6429B584F400EA1861 /* STNavigation.swift in Sources */ = {isa = PBXBuildFile; fileRef = ABF80B6329B584F400EA1861 /* STNavigation.swift */; };
		ABF80B6629B5BA4800EA1861 /* STEditableViewController.swift in Sources */ = {isa = PBXBuildFile; fileRef = ABF80B6529B5BA4800EA1861 /* STEditableViewController.swift */; };
		ABF80B6829B5DB3D00EA1861 /* StringUtil.swift in Sources */ = {isa = PBXBuildFile; fileRef = ABF80B6729B5DB3D00EA1861 /* StringUtil.swift */; };
		ABF80B6A29B5E6AC00EA1861 /* STNavigationQrCodeVController.swift in Sources */ = {isa = PBXBuildFile; fileRef = ABF80B6929B5E6AC00EA1861 /* STNavigationQrCodeVController.swift */; };
		ABF80B6C29B5E6C400EA1861 /* STNavigationQrCodeView.swift in Sources */ = {isa = PBXBuildFile; fileRef = ABF80B6B29B5E6C400EA1861 /* STNavigationQrCodeView.swift */; };
		ABF80B6E29B6332F00EA1861 /* STApiClient.swift in Sources */ = {isa = PBXBuildFile; fileRef = ABF80B6D29B6332F00EA1861 /* STApiClient.swift */; };
		ABF80B7129B74E3100EA1861 /* URLUtil.swift in Sources */ = {isa = PBXBuildFile; fileRef = ABF80B7029B74E3100EA1861 /* URLUtil.swift */; };
/* End PBXBuildFile section */

/* Begin PBXFileReference section */
		7DB60415296F141500A0AAFA /* STContentVController.swift */ = {isa = PBXFileReference; lastKnownFileType = sourcecode.swift; path = STContentVController.swift; sourceTree = "<group>"; };
		7DB60417296FB65500A0AAFA /* STChatsVController.swift */ = {isa = PBXFileReference; lastKnownFileType = sourcecode.swift; path = STChatsVController.swift; sourceTree = "<group>"; };
		7DB60419296FB75F00A0AAFA /* STContactVController.swift */ = {isa = PBXFileReference; lastKnownFileType = sourcecode.swift; path = STContactVController.swift; sourceTree = "<group>"; };
		7DB6041B296FB78500A0AAFA /* STDiscoverVController.swift */ = {isa = PBXFileReference; lastKnownFileType = sourcecode.swift; path = STDiscoverVController.swift; sourceTree = "<group>"; };
		7DB6041D296FB79A00A0AAFA /* STMineVController.swift */ = {isa = PBXFileReference; lastKnownFileType = sourcecode.swift; path = STMineVController.swift; sourceTree = "<group>"; };
		AB12F97A29A34C1000C639B6 /* STLoginView.swift */ = {isa = PBXFileReference; lastKnownFileType = sourcecode.swift; path = STLoginView.swift; sourceTree = "<group>"; };
		AB12F97D29A392E100C639B6 /* UIColor+.swift */ = {isa = PBXFileReference; lastKnownFileType = sourcecode.swift; path = "UIColor+.swift"; sourceTree = "<group>"; };
		AB12F97F29A396E900C639B6 /* STLoginVController.swift */ = {isa = PBXFileReference; lastKnownFileType = sourcecode.swift; path = STLoginVController.swift; sourceTree = "<group>"; };
		AB12F9A829A4C26A00C639B6 /* en */ = {isa = PBXFileReference; lastKnownFileType = text.plist.strings; name = en; path = en.lproj/Localizable.strings; sourceTree = "<group>"; };
		AB12F9AA29A4C26F00C639B6 /* zh-Hans */ = {isa = PBXFileReference; lastKnownFileType = text.plist.strings; name = "zh-Hans"; path = "zh-Hans.lproj/Localizable.strings"; sourceTree = "<group>"; };
		AB12F9AB29A4C62400C639B6 /* String+.swift */ = {isa = PBXFileReference; lastKnownFileType = sourcecode.swift; path = "String+.swift"; sourceTree = "<group>"; };
		AB12F9B229A85F5C00C639B6 /* STNavigationTableCell.swift */ = {isa = PBXFileReference; lastKnownFileType = sourcecode.swift; path = STNavigationTableCell.swift; sourceTree = "<group>"; };
		AB12F9B629A8A7A500C639B6 /* STNavigationListVController.swift */ = {isa = PBXFileReference; lastKnownFileType = sourcecode.swift; path = STNavigationListVController.swift; sourceTree = "<group>"; };
		AB12F9B829A8CC2D00C639B6 /* STNavigationListView.swift */ = {isa = PBXFileReference; lastKnownFileType = sourcecode.swift; path = STNavigationListView.swift; sourceTree = "<group>"; };
		AB12F9BC29AA169100C639B6 /* STNavigationEditorView.swift */ = {isa = PBXFileReference; lastKnownFileType = sourcecode.swift; path = STNavigationEditorView.swift; sourceTree = "<group>"; };
		AB12F9BF29AA28BA00C639B6 /* ComponentFactory.swift */ = {isa = PBXFileReference; lastKnownFileType = sourcecode.swift; path = ComponentFactory.swift; sourceTree = "<group>"; };
		AB12F9C129AA345300C639B6 /* STNavigationEditorVController.swift */ = {isa = PBXFileReference; lastKnownFileType = sourcecode.swift; path = STNavigationEditorVController.swift; sourceTree = "<group>"; };
		AB12F9C729AB67DD00C639B6 /* STKit.swift */ = {isa = PBXFileReference; lastKnownFileType = sourcecode.swift; path = STKit.swift; sourceTree = "<group>"; };
		AB12F9C929AB682300C639B6 /* STLoginManager.swift */ = {isa = PBXFileReference; lastKnownFileType = sourcecode.swift; path = STLoginManager.swift; sourceTree = "<group>"; };
		AB12F9CB29AB682F00C639B6 /* STNavigationManager.swift */ = {isa = PBXFileReference; lastKnownFileType = sourcecode.swift; path = STNavigationManager.swift; sourceTree = "<group>"; };
		AB12F9D029AB6ADB00C639B6 /* STHttpClient.swift */ = {isa = PBXFileReference; lastKnownFileType = sourcecode.swift; path = STHttpClient.swift; sourceTree = "<group>"; };
		AB12F9D229AB6C4000C639B6 /* STLogger.swift */ = {isa = PBXFileReference; fileEncoding = 4; lastKnownFileType = sourcecode.swift; path = STLogger.swift; sourceTree = "<group>"; };
		AB12F9D429AB7E1400C639B6 /* RSAUtil.swift */ = {isa = PBXFileReference; lastKnownFileType = sourcecode.swift; path = RSAUtil.swift; sourceTree = "<group>"; };
		AB12F9D729AB847600C639B6 /* rsa_public_key.pem */ = {isa = PBXFileReference; fileEncoding = 4; lastKnownFileType = text; path = rsa_public_key.pem; sourceTree = "<group>"; };
		AB12F9E429AC425500C639B6 /* STIdentifiers.swift */ = {isa = PBXFileReference; lastKnownFileType = sourcecode.swift; path = STIdentifiers.swift; sourceTree = "<group>"; };
		AB12F9E629AC4BEC00C639B6 /* STApiResponse.swift */ = {isa = PBXFileReference; lastKnownFileType = sourcecode.swift; path = STApiResponse.swift; sourceTree = "<group>"; };
		AB12F9EB29AC79DD00C639B6 /* STApiResult.swift */ = {isa = PBXFileReference; lastKnownFileType = sourcecode.swift; path = STApiResult.swift; sourceTree = "<group>"; };
		AB12F9ED29AC8D6700C639B6 /* STLoaingVController.swift */ = {isa = PBXFileReference; lastKnownFileType = sourcecode.swift; path = STLoaingVController.swift; sourceTree = "<group>"; };
		AB12F9EF29AC8E2F00C639B6 /* UIViewController+.swift */ = {isa = PBXFileReference; lastKnownFileType = sourcecode.swift; path = "UIViewController+.swift"; sourceTree = "<group>"; };
		AB12F9F129AE531A00C639B6 /* STSwitchController.swift */ = {isa = PBXFileReference; lastKnownFileType = sourcecode.swift; path = STSwitchController.swift; sourceTree = "<group>"; };
		AB12F9F329AE56F400C639B6 /* STAppState.swift */ = {isa = PBXFileReference; lastKnownFileType = sourcecode.swift; path = STAppState.swift; sourceTree = "<group>"; };
		AB12F9F529AE574700C639B6 /* STLoginDelegate.swift */ = {isa = PBXFileReference; lastKnownFileType = sourcecode.swift; path = STLoginDelegate.swift; sourceTree = "<group>"; };
		AB8BBB0729B85C6F00125DAB /* STUserState.swift */ = {isa = PBXFileReference; lastKnownFileType = sourcecode.swift; path = STUserState.swift; sourceTree = "<group>"; };
		AB8BBB0E29B87E5C00125DAB /* STChatTableCell.swift */ = {isa = PBXFileReference; lastKnownFileType = sourcecode.swift; path = STChatTableCell.swift; sourceTree = "<group>"; };
		AB8BBB1029B8AAFA00125DAB /* STBadgeView.swift */ = {isa = PBXFileReference; lastKnownFileType = sourcecode.swift; path = STBadgeView.swift; sourceTree = "<group>"; };
		AB8BBB1229B9EDEE00125DAB /* STChat.swift */ = {isa = PBXFileReference; lastKnownFileType = sourcecode.swift; path = STChat.swift; sourceTree = "<group>"; };
		AB8BBB1429B9F3B100125DAB /* DateUtil.swift */ = {isa = PBXFileReference; lastKnownFileType = sourcecode.swift; path = DateUtil.swift; sourceTree = "<group>"; };
		AB8BBB1629BB00C000125DAB /* UIImageView+.swift */ = {isa = PBXFileReference; lastKnownFileType = sourcecode.swift; path = "UIImageView+.swift"; sourceTree = "<group>"; };
		AB8BBB1A29BC594200125DAB /* UINavigationItem+.swift */ = {isa = PBXFileReference; lastKnownFileType = sourcecode.swift; path = "UINavigationItem+.swift"; sourceTree = "<group>"; };
		AB8BBB1D29BC958F00125DAB /* FileCacher.swift */ = {isa = PBXFileReference; lastKnownFileType = sourcecode.swift; path = FileCacher.swift; sourceTree = "<group>"; };
		AB8BBB1F29BC95CB00125DAB /* FileStorage.swift */ = {isa = PBXFileReference; lastKnownFileType = sourcecode.swift; path = FileStorage.swift; sourceTree = "<group>"; };
		ABA2131C296EA95C00F1D2F7 /* Startalk.app */ = {isa = PBXFileReference; explicitFileType = wrapper.application; includeInIndex = 0; path = Startalk.app; sourceTree = BUILT_PRODUCTS_DIR; };
		ABA2131F296EA95C00F1D2F7 /* AppDelegate.swift */ = {isa = PBXFileReference; lastKnownFileType = sourcecode.swift; path = AppDelegate.swift; sourceTree = "<group>"; };
		ABA21323296EA95C00F1D2F7 /* STMainVController.swift */ = {isa = PBXFileReference; lastKnownFileType = sourcecode.swift; path = STMainVController.swift; sourceTree = "<group>"; };
		ABA21326296EA95C00F1D2F7 /* Base */ = {isa = PBXFileReference; lastKnownFileType = file.storyboard; name = Base; path = Base.lproj/Main.storyboard; sourceTree = "<group>"; };
		ABA21329296EA95C00F1D2F7 /* Startalk.xcdatamodel */ = {isa = PBXFileReference; lastKnownFileType = wrapper.xcdatamodel; path = Startalk.xcdatamodel; sourceTree = "<group>"; };
		ABA2132B296EA95D00F1D2F7 /* Assets.xcassets */ = {isa = PBXFileReference; lastKnownFileType = folder.assetcatalog; path = Assets.xcassets; sourceTree = "<group>"; };
		ABA2132E296EA95D00F1D2F7 /* Base */ = {isa = PBXFileReference; lastKnownFileType = file.storyboard; name = Base; path = Base.lproj/LaunchScreen.storyboard; sourceTree = "<group>"; };
		ABA21330296EA95D00F1D2F7 /* Info.plist */ = {isa = PBXFileReference; lastKnownFileType = text.plist.xml; path = Info.plist; sourceTree = "<group>"; };
		ABF80B4E29AF3A6000EA1861 /* STQrCodeUtil.swift */ = {isa = PBXFileReference; lastKnownFileType = sourcecode.swift; path = STQrCodeUtil.swift; sourceTree = "<group>"; };
		ABF80B5029AF6A0E00EA1861 /* STBaseScanVController.swift */ = {isa = PBXFileReference; lastKnownFileType = sourcecode.swift; path = STBaseScanVController.swift; sourceTree = "<group>"; };
		ABF80B5429B0B13B00EA1861 /* STScanLineView.swift */ = {isa = PBXFileReference; lastKnownFileType = sourcecode.swift; path = STScanLineView.swift; sourceTree = "<group>"; };
		ABF80B5729B0BAA600EA1861 /* STBaseScanView.swift */ = {isa = PBXFileReference; lastKnownFileType = sourcecode.swift; path = STBaseScanView.swift; sourceTree = "<group>"; };
		ABF80B5C29B1E04D00EA1861 /* STScanView.swift */ = {isa = PBXFileReference; lastKnownFileType = sourcecode.swift; path = STScanView.swift; sourceTree = "<group>"; };
		ABF80B5E29B1E05F00EA1861 /* STScanVController.swift */ = {isa = PBXFileReference; lastKnownFileType = sourcecode.swift; path = STScanVController.swift; sourceTree = "<group>"; };
		ABF80B6129B4C50800EA1861 /* STNavigationLocation.swift */ = {isa = PBXFileReference; lastKnownFileType = sourcecode.swift; path = STNavigationLocation.swift; sourceTree = "<group>"; };
		ABF80B6329B584F400EA1861 /* STNavigation.swift */ = {isa = PBXFileReference; lastKnownFileType = sourcecode.swift; path = STNavigation.swift; sourceTree = "<group>"; };
		ABF80B6529B5BA4800EA1861 /* STEditableViewController.swift */ = {isa = PBXFileReference; lastKnownFileType = sourcecode.swift; path = STEditableViewController.swift; sourceTree = "<group>"; };
		ABF80B6729B5DB3D00EA1861 /* StringUtil.swift */ = {isa = PBXFileReference; lastKnownFileType = sourcecode.swift; path = StringUtil.swift; sourceTree = "<group>"; };
		ABF80B6929B5E6AC00EA1861 /* STNavigationQrCodeVController.swift */ = {isa = PBXFileReference; lastKnownFileType = sourcecode.swift; path = STNavigationQrCodeVController.swift; sourceTree = "<group>"; };
		ABF80B6B29B5E6C400EA1861 /* STNavigationQrCodeView.swift */ = {isa = PBXFileReference; lastKnownFileType = sourcecode.swift; path = STNavigationQrCodeView.swift; sourceTree = "<group>"; };
		ABF80B6D29B6332F00EA1861 /* STApiClient.swift */ = {isa = PBXFileReference; lastKnownFileType = sourcecode.swift; path = STApiClient.swift; sourceTree = "<group>"; };
		ABF80B7029B74E3100EA1861 /* URLUtil.swift */ = {isa = PBXFileReference; lastKnownFileType = sourcecode.swift; path = URLUtil.swift; sourceTree = "<group>"; };
/* End PBXFileReference section */

/* Begin PBXFrameworksBuildPhase section */
		ABA21319296EA95C00F1D2F7 /* Frameworks */ = {
			isa = PBXFrameworksBuildPhase;
			buildActionMask = 2147483647;
			files = (
			);
			runOnlyForDeploymentPostprocessing = 0;
		};
/* End PBXFrameworksBuildPhase section */

/* Begin PBXGroup section */
		7DB60414296F11EE00A0AAFA /* views */ = {
			isa = PBXGroup;
			children = (
				ABA21323296EA95C00F1D2F7 /* STMainVController.swift */,
				7DB60415296F141500A0AAFA /* STContentVController.swift */,
				AB12F97929A34B8500C639B6 /* login */,
				AB12F9AD29A63A2600C639B6 /* navigation */,
				AB8BBB0D29B8740300125DAB /* chats */,
				7DB60419296FB75F00A0AAFA /* STContactVController.swift */,
				7DB6041B296FB78500A0AAFA /* STDiscoverVController.swift */,
				7DB6041D296FB79A00A0AAFA /* STMineVController.swift */,
				AB12F9BE29AA27F600C639B6 /* components */,
			);
			path = views;
			sourceTree = "<group>";
		};
		AB12F97929A34B8500C639B6 /* login */ = {
			isa = PBXGroup;
			children = (
				AB12F97F29A396E900C639B6 /* STLoginVController.swift */,
				AB12F97A29A34C1000C639B6 /* STLoginView.swift */,
			);
			path = login;
			sourceTree = "<group>";
		};
		AB12F97C29A392A800C639B6 /* extensions */ = {
			isa = PBXGroup;
			children = (
				AB12F97D29A392E100C639B6 /* UIColor+.swift */,
				AB12F9AB29A4C62400C639B6 /* String+.swift */,
				AB12F9EF29AC8E2F00C639B6 /* UIViewController+.swift */,
				AB8BBB1629BB00C000125DAB /* UIImageView+.swift */,
				AB8BBB1A29BC594200125DAB /* UINavigationItem+.swift */,
			);
			path = extensions;
			sourceTree = "<group>";
		};
		AB12F9AD29A63A2600C639B6 /* navigation */ = {
			isa = PBXGroup;
			children = (
				AB12F9B629A8A7A500C639B6 /* STNavigationListVController.swift */,
				AB12F9B829A8CC2D00C639B6 /* STNavigationListView.swift */,
				AB12F9B229A85F5C00C639B6 /* STNavigationTableCell.swift */,
				AB12F9C129AA345300C639B6 /* STNavigationEditorVController.swift */,
				AB12F9BC29AA169100C639B6 /* STNavigationEditorView.swift */,
				ABF80B6929B5E6AC00EA1861 /* STNavigationQrCodeVController.swift */,
				ABF80B6B29B5E6C400EA1861 /* STNavigationQrCodeView.swift */,
			);
			path = navigation;
			sourceTree = "<group>";
		};
		AB12F9BE29AA27F600C639B6 /* components */ = {
			isa = PBXGroup;
			children = (
				ABF80B5A29B1DFFD00EA1861 /* base */,
				AB12F9BF29AA28BA00C639B6 /* ComponentFactory.swift */,
				AB12F9ED29AC8D6700C639B6 /* STLoaingVController.swift */,
				ABF80B5E29B1E05F00EA1861 /* STScanVController.swift */,
				ABF80B5C29B1E04D00EA1861 /* STScanView.swift */,
			);
			path = components;
			sourceTree = "<group>";
		};
		AB12F9C329AB532500C639B6 /* kit */ = {
			isa = PBXGroup;
			children = (
				AB12F9C729AB67DD00C639B6 /* STKit.swift */,
				AB12F9E429AC425500C639B6 /* STIdentifiers.swift */,
				AB12F9F329AE56F400C639B6 /* STAppState.swift */,
				AB8BBB0729B85C6F00125DAB /* STUserState.swift */,
				AB12F9E129AC3D3A00C639B6 /* login */,
				ABF80B6029B4A01100EA1861 /* navigation */,
				ABF80B6F29B71F3C00EA1861 /* api */,
				AB8BBB1C29BC950C00125DAB /* files */,
			);
			path = kit;
			sourceTree = "<group>";
		};
		AB12F9C429AB539400C639B6 /* utils */ = {
			isa = PBXGroup;
			children = (
				AB12F9D229AB6C4000C639B6 /* STLogger.swift */,
				AB12F9D429AB7E1400C639B6 /* RSAUtil.swift */,
				ABF80B4E29AF3A6000EA1861 /* STQrCodeUtil.swift */,
				ABF80B6729B5DB3D00EA1861 /* StringUtil.swift */,
				ABF80B7029B74E3100EA1861 /* URLUtil.swift */,
				AB8BBB1429B9F3B100125DAB /* DateUtil.swift */,
			);
			path = utils;
			sourceTree = "<group>";
		};
		AB12F9CD29AB6A6B00C639B6 /* networking */ = {
			isa = PBXGroup;
			children = (
				AB12F9D029AB6ADB00C639B6 /* STHttpClient.swift */,
			);
			path = networking;
			sourceTree = "<group>";
		};
		AB12F9D629AB800800C639B6 /* resources */ = {
			isa = PBXGroup;
			children = (
				AB12F9D729AB847600C639B6 /* rsa_public_key.pem */,
			);
			path = resources;
			sourceTree = "<group>";
		};
		AB12F9E129AC3D3A00C639B6 /* login */ = {
			isa = PBXGroup;
			children = (
				AB12F9C929AB682300C639B6 /* STLoginManager.swift */,
				AB12F9F529AE574700C639B6 /* STLoginDelegate.swift */,
			);
			path = login;
			sourceTree = "<group>";
		};
		AB8BBB0D29B8740300125DAB /* chats */ = {
			isa = PBXGroup;
			children = (
				AB8BBB1229B9EDEE00125DAB /* STChat.swift */,
				7DB60417296FB65500A0AAFA /* STChatsVController.swift */,
				AB8BBB0E29B87E5C00125DAB /* STChatTableCell.swift */,
				AB8BBB1029B8AAFA00125DAB /* STBadgeView.swift */,
			);
			path = chats;
			sourceTree = "<group>";
		};
		AB8BBB1C29BC950C00125DAB /* files */ = {
			isa = PBXGroup;
			children = (
				AB8BBB1D29BC958F00125DAB /* FileCacher.swift */,
				AB8BBB1F29BC95CB00125DAB /* FileStorage.swift */,
			);
			path = files;
			sourceTree = "<group>";
		};
		ABA21313296EA95C00F1D2F7 = {
			isa = PBXGroup;
			children = (
				ABA2131E296EA95C00F1D2F7 /* Startalk */,
				ABA2131D296EA95C00F1D2F7 /* Products */,
			);
			sourceTree = "<group>";
		};
		ABA2131D296EA95C00F1D2F7 /* Products */ = {
			isa = PBXGroup;
			children = (
				ABA2131C296EA95C00F1D2F7 /* Startalk.app */,
			);
			name = Products;
			sourceTree = "<group>";
		};
		ABA2131E296EA95C00F1D2F7 /* Startalk */ = {
			isa = PBXGroup;
			children = (
				ABA2131F296EA95C00F1D2F7 /* AppDelegate.swift */,
				7DB60414296F11EE00A0AAFA /* views */,
				AB12F9C329AB532500C639B6 /* kit */,
				AB12F9C429AB539400C639B6 /* utils */,
				AB12F97C29A392A800C639B6 /* extensions */,
				AB12F9CD29AB6A6B00C639B6 /* networking */,
				AB12F9D629AB800800C639B6 /* resources */,
				AB12F9A929A4C26A00C639B6 /* Localizable.strings */,
				ABA21325296EA95C00F1D2F7 /* Main.storyboard */,
				ABA2132B296EA95D00F1D2F7 /* Assets.xcassets */,
				ABA2132D296EA95D00F1D2F7 /* LaunchScreen.storyboard */,
				ABA21330296EA95D00F1D2F7 /* Info.plist */,
				ABA21328296EA95C00F1D2F7 /* Startalk.xcdatamodeld */,
			);
			path = Startalk;
			sourceTree = "<group>";
		};
		ABF80B5629B0BA3400EA1861 /* scan */ = {
			isa = PBXGroup;
			children = (
				ABF80B5029AF6A0E00EA1861 /* STBaseScanVController.swift */,
				ABF80B5729B0BAA600EA1861 /* STBaseScanView.swift */,
				ABF80B5429B0B13B00EA1861 /* STScanLineView.swift */,
			);
			path = scan;
			sourceTree = "<group>";
		};
		ABF80B5A29B1DFFD00EA1861 /* base */ = {
			isa = PBXGroup;
			children = (
				AB12F9F129AE531A00C639B6 /* STSwitchController.swift */,
				ABF80B6529B5BA4800EA1861 /* STEditableViewController.swift */,
				ABF80B5629B0BA3400EA1861 /* scan */,
			);
			path = base;
			sourceTree = "<group>";
		};
		ABF80B6029B4A01100EA1861 /* navigation */ = {
			isa = PBXGroup;
			children = (
				AB12F9CB29AB682F00C639B6 /* STNavigationManager.swift */,
				ABF80B6129B4C50800EA1861 /* STNavigationLocation.swift */,
				ABF80B6329B584F400EA1861 /* STNavigation.swift */,
			);
			path = navigation;
			sourceTree = "<group>";
		};
		ABF80B6F29B71F3C00EA1861 /* api */ = {
			isa = PBXGroup;
			children = (
				AB12F9E629AC4BEC00C639B6 /* STApiResponse.swift */,
				AB12F9EB29AC79DD00C639B6 /* STApiResult.swift */,
				ABF80B6D29B6332F00EA1861 /* STApiClient.swift */,
			);
			path = api;
			sourceTree = "<group>";
		};
/* End PBXGroup section */

/* Begin PBXNativeTarget section */
		ABA2131B296EA95C00F1D2F7 /* Startalk */ = {
			isa = PBXNativeTarget;
			buildConfigurationList = ABA21333296EA95D00F1D2F7 /* Build configuration list for PBXNativeTarget "Startalk" */;
			buildPhases = (
				ABA21318296EA95C00F1D2F7 /* Sources */,
				ABA21319296EA95C00F1D2F7 /* Frameworks */,
				ABA2131A296EA95C00F1D2F7 /* Resources */,
			);
			buildRules = (
			);
			dependencies = (
			);
			name = Startalk;
			productName = Startalk;
			productReference = ABA2131C296EA95C00F1D2F7 /* Startalk.app */;
			productType = "com.apple.product-type.application";
		};
/* End PBXNativeTarget section */

/* Begin PBXProject section */
		ABA21314296EA95C00F1D2F7 /* Project object */ = {
			isa = PBXProject;
			attributes = {
				BuildIndependentTargetsInParallel = 1;
				LastSwiftUpdateCheck = 1410;
				LastUpgradeCheck = 1410;
				TargetAttributes = {
					ABA2131B296EA95C00F1D2F7 = {
						CreatedOnToolsVersion = 14.1;
					};
				};
			};
			buildConfigurationList = ABA21317296EA95C00F1D2F7 /* Build configuration list for PBXProject "Startalk" */;
			compatibilityVersion = "Xcode 13.0";
			developmentRegion = en;
			hasScannedForEncodings = 0;
			knownRegions = (
				en,
				Base,
				"zh-Hans",
			);
			mainGroup = ABA21313296EA95C00F1D2F7;
			productRefGroup = ABA2131D296EA95C00F1D2F7 /* Products */;
			projectDirPath = "";
			projectRoot = "";
			targets = (
				ABA2131B296EA95C00F1D2F7 /* Startalk */,
			);
		};
/* End PBXProject section */

/* Begin PBXResourcesBuildPhase section */
		ABA2131A296EA95C00F1D2F7 /* Resources */ = {
			isa = PBXResourcesBuildPhase;
			buildActionMask = 2147483647;
			files = (
				ABA2132F296EA95D00F1D2F7 /* LaunchScreen.storyboard in Resources */,
				AB12F9D829AB847600C639B6 /* rsa_public_key.pem in Resources */,
				AB12F9A729A4C26A00C639B6 /* Localizable.strings in Resources */,
				ABA2132C296EA95D00F1D2F7 /* Assets.xcassets in Resources */,
				ABA21327296EA95C00F1D2F7 /* Main.storyboard in Resources */,
			);
			runOnlyForDeploymentPostprocessing = 0;
		};
/* End PBXResourcesBuildPhase section */

/* Begin PBXSourcesBuildPhase section */
		ABA21318296EA95C00F1D2F7 /* Sources */ = {
			isa = PBXSourcesBuildPhase;
			buildActionMask = 2147483647;
			files = (
				AB8BBB1729BB00C000125DAB /* UIImageView+.swift in Sources */,
				AB8BBB2029BC95CB00125DAB /* FileStorage.swift in Sources */,
				ABA21324296EA95C00F1D2F7 /* STMainVController.swift in Sources */,
				AB12F9B329A85F5C00C639B6 /* STNavigationTableCell.swift in Sources */,
				AB8BBB0F29B87E5C00125DAB /* STChatTableCell.swift in Sources */,
				ABF80B6829B5DB3D00EA1861 /* StringUtil.swift in Sources */,
				AB12F9F029AC8E2F00C639B6 /* UIViewController+.swift in Sources */,
				7DB60416296F141500A0AAFA /* STContentVController.swift in Sources */,
				ABF80B4F29AF3A6000EA1861 /* STQrCodeUtil.swift in Sources */,
				AB12F9B929A8CC2D00C639B6 /* STNavigationListView.swift in Sources */,
				7DB6041E296FB79A00A0AAFA /* STMineVController.swift in Sources */,
				AB12F97B29A34C1000C639B6 /* STLoginView.swift in Sources */,
				AB12F9F629AE574700C639B6 /* STLoginDelegate.swift in Sources */,
				7DB60418296FB65500A0AAFA /* STChatsVController.swift in Sources */,
				ABF80B5F29B1E05F00EA1861 /* STScanVController.swift in Sources */,
				AB12F9D329AB6C4000C639B6 /* STLogger.swift in Sources */,
				ABA21320296EA95C00F1D2F7 /* AppDelegate.swift in Sources */,
				AB12F9CC29AB682F00C639B6 /* STNavigationManager.swift in Sources */,
				AB8BBB1E29BC958F00125DAB /* FileCacher.swift in Sources */,
				AB8BBB0829B85C6F00125DAB /* STUserState.swift in Sources */,
				AB8BBB1129B8AAFA00125DAB /* STBadgeView.swift in Sources */,
				ABF80B6E29B6332F00EA1861 /* STApiClient.swift in Sources */,
				ABF80B6C29B5E6C400EA1861 /* STNavigationQrCodeView.swift in Sources */,
				AB12F98029A396E900C639B6 /* STLoginVController.swift in Sources */,
				ABF80B6A29B5E6AC00EA1861 /* STNavigationQrCodeVController.swift in Sources */,
				AB8BBB1329B9EDEE00125DAB /* STChat.swift in Sources */,
				AB12F9B729A8A7A500C639B6 /* STNavigationListVController.swift in Sources */,
				AB12F9EE29AC8D6700C639B6 /* STLoaingVController.swift in Sources */,
				AB12F9D529AB7E1400C639B6 /* RSAUtil.swift in Sources */,
				AB12F9C229AA345300C639B6 /* STNavigationEditorVController.swift in Sources */,
				7DB6041A296FB75F00A0AAFA /* STContactVController.swift in Sources */,
				AB12F9F229AE531A00C639B6 /* STSwitchController.swift in Sources */,
				ABA2132A296EA95C00F1D2F7 /* Startalk.xcdatamodeld in Sources */,
				AB12F9BD29AA169100C639B6 /* STNavigationEditorView.swift in Sources */,
				ABF80B5829B0BAA600EA1861 /* STBaseScanView.swift in Sources */,
				ABF80B5129AF6A0E00EA1861 /* STBaseScanVController.swift in Sources */,
				AB12F9F429AE56F400C639B6 /* STAppState.swift in Sources */,
				AB12F9E529AC425500C639B6 /* STIdentifiers.swift in Sources */,
				7DB6041C296FB78500A0AAFA /* STDiscoverVController.swift in Sources */,
				ABF80B5529B0B13B00EA1861 /* STScanLineView.swift in Sources */,
				ABF80B6229B4C50800EA1861 /* STNavigationLocation.swift in Sources */,
				AB12F9EC29AC79DD00C639B6 /* STApiResult.swift in Sources */,
				AB8BBB1529B9F3B100125DAB /* DateUtil.swift in Sources */,
				AB12F9D129AB6ADB00C639B6 /* STHttpClient.swift in Sources */,
				AB12F9C829AB67DD00C639B6 /* STKit.swift in Sources */,
				ABF80B7129B74E3100EA1861 /* URLUtil.swift in Sources */,
				AB12F9CA29AB682300C639B6 /* STLoginManager.swift in Sources */,
				AB12F9AC29A4C62400C639B6 /* String+.swift in Sources */,
				AB12F9E729AC4BEC00C639B6 /* STApiResponse.swift in Sources */,
				ABF80B6429B584F400EA1861 /* STNavigation.swift in Sources */,
				AB12F9C029AA28BA00C639B6 /* ComponentFactory.swift in Sources */,
				ABF80B5D29B1E04D00EA1861 /* STScanView.swift in Sources */,
				ABF80B6629B5BA4800EA1861 /* STEditableViewController.swift in Sources */,
				AB8BBB1B29BC594200125DAB /* UINavigationItem+.swift in Sources */,
				AB12F97E29A392E100C639B6 /* UIColor+.swift in Sources */,
			);
			runOnlyForDeploymentPostprocessing = 0;
		};
/* End PBXSourcesBuildPhase section */

/* Begin PBXVariantGroup section */
		AB12F9A929A4C26A00C639B6 /* Localizable.strings */ = {
			isa = PBXVariantGroup;
			children = (
				AB12F9A829A4C26A00C639B6 /* en */,
				AB12F9AA29A4C26F00C639B6 /* zh-Hans */,
			);
			name = Localizable.strings;
			sourceTree = "<group>";
		};
		ABA21325296EA95C00F1D2F7 /* Main.storyboard */ = {
			isa = PBXVariantGroup;
			children = (
				ABA21326296EA95C00F1D2F7 /* Base */,
			);
			name = Main.storyboard;
			sourceTree = "<group>";
		};
		ABA2132D296EA95D00F1D2F7 /* LaunchScreen.storyboard */ = {
			isa = PBXVariantGroup;
			children = (
				ABA2132E296EA95D00F1D2F7 /* Base */,
			);
			name = LaunchScreen.storyboard;
			sourceTree = "<group>";
		};
/* End PBXVariantGroup section */

/* Begin XCBuildConfiguration section */
		ABA21331296EA95D00F1D2F7 /* Debug */ = {
			isa = XCBuildConfiguration;
			buildSettings = {
				ALWAYS_SEARCH_USER_PATHS = NO;
				CLANG_ANALYZER_LOCALIZABILITY_NONLOCALIZED = YES;
				CLANG_ANALYZER_NONNULL = YES;
				CLANG_ANALYZER_NUMBER_OBJECT_CONVERSION = YES_AGGRESSIVE;
				CLANG_CXX_LANGUAGE_STANDARD = "gnu++20";
				CLANG_ENABLE_MODULES = YES;
				CLANG_ENABLE_OBJC_ARC = YES;
				CLANG_ENABLE_OBJC_WEAK = YES;
				CLANG_WARN_BLOCK_CAPTURE_AUTORELEASING = YES;
				CLANG_WARN_BOOL_CONVERSION = YES;
				CLANG_WARN_COMMA = YES;
				CLANG_WARN_CONSTANT_CONVERSION = YES;
				CLANG_WARN_DEPRECATED_OBJC_IMPLEMENTATIONS = YES;
				CLANG_WARN_DIRECT_OBJC_ISA_USAGE = YES_ERROR;
				CLANG_WARN_DOCUMENTATION_COMMENTS = YES;
				CLANG_WARN_EMPTY_BODY = YES;
				CLANG_WARN_ENUM_CONVERSION = YES;
				CLANG_WARN_INFINITE_RECURSION = YES;
				CLANG_WARN_INT_CONVERSION = YES;
				CLANG_WARN_NON_LITERAL_NULL_CONVERSION = YES;
				CLANG_WARN_OBJC_IMPLICIT_RETAIN_SELF = YES;
				CLANG_WARN_OBJC_LITERAL_CONVERSION = YES;
				CLANG_WARN_OBJC_ROOT_CLASS = YES_ERROR;
				CLANG_WARN_QUOTED_INCLUDE_IN_FRAMEWORK_HEADER = YES;
				CLANG_WARN_RANGE_LOOP_ANALYSIS = YES;
				CLANG_WARN_STRICT_PROTOTYPES = YES;
				CLANG_WARN_SUSPICIOUS_MOVE = YES;
				CLANG_WARN_UNGUARDED_AVAILABILITY = YES_AGGRESSIVE;
				CLANG_WARN_UNREACHABLE_CODE = YES;
				CLANG_WARN__DUPLICATE_METHOD_MATCH = YES;
				COPY_PHASE_STRIP = NO;
				DEBUG_INFORMATION_FORMAT = dwarf;
				ENABLE_STRICT_OBJC_MSGSEND = YES;
				ENABLE_TESTABILITY = YES;
				GCC_C_LANGUAGE_STANDARD = gnu11;
				GCC_DYNAMIC_NO_PIC = NO;
				GCC_NO_COMMON_BLOCKS = YES;
				GCC_OPTIMIZATION_LEVEL = 0;
				GCC_PREPROCESSOR_DEFINITIONS = (
					"DEBUG=1",
					"$(inherited)",
				);
				GCC_WARN_64_TO_32_BIT_CONVERSION = YES;
				GCC_WARN_ABOUT_RETURN_TYPE = YES_ERROR;
				GCC_WARN_UNDECLARED_SELECTOR = YES;
				GCC_WARN_UNINITIALIZED_AUTOS = YES_AGGRESSIVE;
				GCC_WARN_UNUSED_FUNCTION = YES;
				GCC_WARN_UNUSED_VARIABLE = YES;
				IPHONEOS_DEPLOYMENT_TARGET = 13.0;
				MTL_ENABLE_DEBUG_INFO = INCLUDE_SOURCE;
				MTL_FAST_MATH = YES;
				ONLY_ACTIVE_ARCH = YES;
				SDKROOT = iphoneos;
				SWIFT_ACTIVE_COMPILATION_CONDITIONS = DEBUG;
				SWIFT_OPTIMIZATION_LEVEL = "-Onone";
			};
			name = Debug;
		};
		ABA21332296EA95D00F1D2F7 /* Release */ = {
			isa = XCBuildConfiguration;
			buildSettings = {
				ALWAYS_SEARCH_USER_PATHS = NO;
				CLANG_ANALYZER_LOCALIZABILITY_NONLOCALIZED = YES;
				CLANG_ANALYZER_NONNULL = YES;
				CLANG_ANALYZER_NUMBER_OBJECT_CONVERSION = YES_AGGRESSIVE;
				CLANG_CXX_LANGUAGE_STANDARD = "gnu++20";
				CLANG_ENABLE_MODULES = YES;
				CLANG_ENABLE_OBJC_ARC = YES;
				CLANG_ENABLE_OBJC_WEAK = YES;
				CLANG_WARN_BLOCK_CAPTURE_AUTORELEASING = YES;
				CLANG_WARN_BOOL_CONVERSION = YES;
				CLANG_WARN_COMMA = YES;
				CLANG_WARN_CONSTANT_CONVERSION = YES;
				CLANG_WARN_DEPRECATED_OBJC_IMPLEMENTATIONS = YES;
				CLANG_WARN_DIRECT_OBJC_ISA_USAGE = YES_ERROR;
				CLANG_WARN_DOCUMENTATION_COMMENTS = YES;
				CLANG_WARN_EMPTY_BODY = YES;
				CLANG_WARN_ENUM_CONVERSION = YES;
				CLANG_WARN_INFINITE_RECURSION = YES;
				CLANG_WARN_INT_CONVERSION = YES;
				CLANG_WARN_NON_LITERAL_NULL_CONVERSION = YES;
				CLANG_WARN_OBJC_IMPLICIT_RETAIN_SELF = YES;
				CLANG_WARN_OBJC_LITERAL_CONVERSION = YES;
				CLANG_WARN_OBJC_ROOT_CLASS = YES_ERROR;
				CLANG_WARN_QUOTED_INCLUDE_IN_FRAMEWORK_HEADER = YES;
				CLANG_WARN_RANGE_LOOP_ANALYSIS = YES;
				CLANG_WARN_STRICT_PROTOTYPES = YES;
				CLANG_WARN_SUSPICIOUS_MOVE = YES;
				CLANG_WARN_UNGUARDED_AVAILABILITY = YES_AGGRESSIVE;
				CLANG_WARN_UNREACHABLE_CODE = YES;
				CLANG_WARN__DUPLICATE_METHOD_MATCH = YES;
				COPY_PHASE_STRIP = NO;
				DEBUG_INFORMATION_FORMAT = "dwarf-with-dsym";
				ENABLE_NS_ASSERTIONS = NO;
				ENABLE_STRICT_OBJC_MSGSEND = YES;
				GCC_C_LANGUAGE_STANDARD = gnu11;
				GCC_NO_COMMON_BLOCKS = YES;
				GCC_WARN_64_TO_32_BIT_CONVERSION = YES;
				GCC_WARN_ABOUT_RETURN_TYPE = YES_ERROR;
				GCC_WARN_UNDECLARED_SELECTOR = YES;
				GCC_WARN_UNINITIALIZED_AUTOS = YES_AGGRESSIVE;
				GCC_WARN_UNUSED_FUNCTION = YES;
				GCC_WARN_UNUSED_VARIABLE = YES;
				IPHONEOS_DEPLOYMENT_TARGET = 13.0;
				MTL_ENABLE_DEBUG_INFO = NO;
				MTL_FAST_MATH = YES;
				SDKROOT = iphoneos;
				SWIFT_COMPILATION_MODE = wholemodule;
				SWIFT_OPTIMIZATION_LEVEL = "-O";
				VALIDATE_PRODUCT = YES;
			};
			name = Release;
		};
		ABA21334296EA95D00F1D2F7 /* Debug */ = {
			isa = XCBuildConfiguration;
			buildSettings = {
				ASSETCATALOG_COMPILER_APPICON_NAME = AppIcon;
				ASSETCATALOG_COMPILER_GLOBAL_ACCENT_COLOR_NAME = AccentColor;
				CODE_SIGN_STYLE = Automatic;
				CURRENT_PROJECT_VERSION = 1;
				DEVELOPMENT_TEAM = CXAJ3S9LVA;
				GENERATE_INFOPLIST_FILE = YES;
				INFOPLIST_FILE = Startalk/Info.plist;
				INFOPLIST_KEY_NSCameraUsageDescription = "Use camera to scan QR Code";
				INFOPLIST_KEY_UIApplicationSupportsIndirectInputEvents = YES;
				INFOPLIST_KEY_UILaunchStoryboardName = LaunchScreen;
				INFOPLIST_KEY_UIMainStoryboardFile = Main;
				INFOPLIST_KEY_UISupportedInterfaceOrientations_iPad = "UIInterfaceOrientationPortrait UIInterfaceOrientationPortraitUpsideDown UIInterfaceOrientationLandscapeLeft UIInterfaceOrientationLandscapeRight";
				INFOPLIST_KEY_UISupportedInterfaceOrientations_iPhone = "UIInterfaceOrientationPortrait UIInterfaceOrientationLandscapeLeft UIInterfaceOrientationLandscapeRight";
				LD_RUNPATH_SEARCH_PATHS = (
					"$(inherited)",
					"@executable_path/Frameworks",
				);
				MARKETING_VERSION = 2.0;
				PRODUCT_BUNDLE_IDENTIFIER = com.im.startalk2;
				PRODUCT_NAME = "$(TARGET_NAME)";
				SWIFT_EMIT_LOC_STRINGS = YES;
				SWIFT_VERSION = 5.0;
				TARGETED_DEVICE_FAMILY = "1,2";
			};
			name = Debug;
		};
		ABA21335296EA95D00F1D2F7 /* Release */ = {
			isa = XCBuildConfiguration;
			buildSettings = {
				ASSETCATALOG_COMPILER_APPICON_NAME = AppIcon;
				ASSETCATALOG_COMPILER_GLOBAL_ACCENT_COLOR_NAME = AccentColor;
				CODE_SIGN_STYLE = Automatic;
				CURRENT_PROJECT_VERSION = 1;
				DEVELOPMENT_TEAM = CXAJ3S9LVA;
				GENERATE_INFOPLIST_FILE = YES;
				INFOPLIST_FILE = Startalk/Info.plist;
				INFOPLIST_KEY_NSCameraUsageDescription = "Use camera to scan QR Code";
				INFOPLIST_KEY_UIApplicationSupportsIndirectInputEvents = YES;
				INFOPLIST_KEY_UILaunchStoryboardName = LaunchScreen;
				INFOPLIST_KEY_UIMainStoryboardFile = Main;
				INFOPLIST_KEY_UISupportedInterfaceOrientations_iPad = "UIInterfaceOrientationPortrait UIInterfaceOrientationPortraitUpsideDown UIInterfaceOrientationLandscapeLeft UIInterfaceOrientationLandscapeRight";
				INFOPLIST_KEY_UISupportedInterfaceOrientations_iPhone = "UIInterfaceOrientationPortrait UIInterfaceOrientationLandscapeLeft UIInterfaceOrientationLandscapeRight";
				LD_RUNPATH_SEARCH_PATHS = (
					"$(inherited)",
					"@executable_path/Frameworks",
				);
				MARKETING_VERSION = 2.0;
				PRODUCT_BUNDLE_IDENTIFIER = com.im.startalk2;
				PRODUCT_NAME = "$(TARGET_NAME)";
				SWIFT_EMIT_LOC_STRINGS = YES;
				SWIFT_VERSION = 5.0;
				TARGETED_DEVICE_FAMILY = "1,2";
			};
			name = Release;
		};
/* End XCBuildConfiguration section */

/* Begin XCConfigurationList section */
		ABA21317296EA95C00F1D2F7 /* Build configuration list for PBXProject "Startalk" */ = {
			isa = XCConfigurationList;
			buildConfigurations = (
				ABA21331296EA95D00F1D2F7 /* Debug */,
				ABA21332296EA95D00F1D2F7 /* Release */,
			);
			defaultConfigurationIsVisible = 0;
			defaultConfigurationName = Release;
		};
		ABA21333296EA95D00F1D2F7 /* Build configuration list for PBXNativeTarget "Startalk" */ = {
			isa = XCConfigurationList;
			buildConfigurations = (
				ABA21334296EA95D00F1D2F7 /* Debug */,
				ABA21335296EA95D00F1D2F7 /* Release */,
			);
			defaultConfigurationIsVisible = 0;
			defaultConfigurationName = Release;
		};
/* End XCConfigurationList section */

/* Begin XCVersionGroup section */
		ABA21328296EA95C00F1D2F7 /* Startalk.xcdatamodeld */ = {
			isa = XCVersionGroup;
			children = (
				ABA21329296EA95C00F1D2F7 /* Startalk.xcdatamodel */,
			);
			currentVersion = ABA21329296EA95C00F1D2F7 /* Startalk.xcdatamodel */;
			path = Startalk.xcdatamodeld;
			sourceTree = "<group>";
			versionGroupType = wrapper.xcdatamodel;
		};
/* End XCVersionGroup section */
	};
	rootObject = ABA21314296EA95C00F1D2F7 /* Project object */;
}
