// !$*UTF8*$!
{
	archiveVersion = 1;
	classes = {
	};
	objectVersion = 55;
	objects = {

/* Begin PBXBuildFile section */
		7DB60416296F141500A0AAFA /* STContentVController.swift in Sources */ = {isa = PBXBuildFile; fileRef = 7DB60415296F141500A0AAFA /* STContentVController.swift */; };
		7DB6041A296FB75F00A0AAFA /* STContactVController.swift in Sources */ = {isa = PBXBuildFile; fileRef = 7DB60419296FB75F00A0AAFA /* STContactVController.swift */; };
		7DB6041C296FB78500A0AAFA /* STDiscoverVController.swift in Sources */ = {isa = PBXBuildFile; fileRef = 7DB6041B296FB78500A0AAFA /* STDiscoverVController.swift */; };
		7DB6041E296FB79A00A0AAFA /* STMineVController.swift in Sources */ = {isa = PBXBuildFile; fileRef = 7DB6041D296FB79A00A0AAFA /* STMineVController.swift */; };
		AB12F97B29A34C1000C639B6 /* STLoginView.swift in Sources */ = {isa = PBXBuildFile; fileRef = AB12F97A29A34C1000C639B6 /* STLoginView.swift */; };
		AB12F97E29A392E100C639B6 /* UIColor+.swift in Sources */ = {isa = PBXBuildFile; fileRef = AB12F97D29A392E100C639B6 /* UIColor+.swift */; };
		AB12F98029A396E900C639B6 /* STLoginVController.swift in Sources */ = {isa = PBXBuildFile; fileRef = AB12F97F29A396E900C639B6 /* STLoginVController.swift */; };
		AB12F9A729A4C26A00C639B6 /* Localizable.strings in Resources */ = {isa = PBXBuildFile; fileRef = AB12F9A929A4C26A00C639B6 /* Localizable.strings */; };
		AB12F9AC29A4C62400C639B6 /* String+.swift in Sources */ = {isa = PBXBuildFile; fileRef = AB12F9AB29A4C62400C639B6 /* String+.swift */; };
		AB12F9B329A85F5C00C639B6 /* STServieTableCell.swift in Sources */ = {isa = PBXBuildFile; fileRef = AB12F9B229A85F5C00C639B6 /* STServieTableCell.swift */; };
		AB12F9B729A8A7A500C639B6 /* STServicesVController.swift in Sources */ = {isa = PBXBuildFile; fileRef = AB12F9B629A8A7A500C639B6 /* STServicesVController.swift */; };
		AB12F9B929A8CC2D00C639B6 /* STServicesView.swift in Sources */ = {isa = PBXBuildFile; fileRef = AB12F9B829A8CC2D00C639B6 /* STServicesView.swift */; };
		AB12F9BD29AA169100C639B6 /* STServiceEditorView.swift in Sources */ = {isa = PBXBuildFile; fileRef = AB12F9BC29AA169100C639B6 /* STServiceEditorView.swift */; };
		AB12F9C029AA28BA00C639B6 /* ComponentFactory.swift in Sources */ = {isa = PBXBuildFile; fileRef = AB12F9BF29AA28BA00C639B6 /* ComponentFactory.swift */; };
		AB12F9C229AA345300C639B6 /* STServiceEditorVController.swift in Sources */ = {isa = PBXBuildFile; fileRef = AB12F9C129AA345300C639B6 /* STServiceEditorVController.swift */; };
		AB12F9C829AB67DD00C639B6 /* STKit.swift in Sources */ = {isa = PBXBuildFile; fileRef = AB12F9C729AB67DD00C639B6 /* STKit.swift */; };
		AB12F9CA29AB682300C639B6 /* STLoginManager.swift in Sources */ = {isa = PBXBuildFile; fileRef = AB12F9C929AB682300C639B6 /* STLoginManager.swift */; };
		AB12F9CC29AB682F00C639B6 /* STServiceManager.swift in Sources */ = {isa = PBXBuildFile; fileRef = AB12F9CB29AB682F00C639B6 /* STServiceManager.swift */; };
		AB12F9D129AB6ADB00C639B6 /* STHttpClient.swift in Sources */ = {isa = PBXBuildFile; fileRef = AB12F9D029AB6ADB00C639B6 /* STHttpClient.swift */; };
		AB12F9D329AB6C4000C639B6 /* STLogger.swift in Sources */ = {isa = PBXBuildFile; fileRef = AB12F9D229AB6C4000C639B6 /* STLogger.swift */; };
		AB12F9D529AB7E1400C639B6 /* RSAUtil.swift in Sources */ = {isa = PBXBuildFile; fileRef = AB12F9D429AB7E1400C639B6 /* RSAUtil.swift */; };
		AB12F9D829AB847600C639B6 /* rsa_public_key.pem in Resources */ = {isa = PBXBuildFile; fileRef = AB12F9D729AB847600C639B6 /* rsa_public_key.pem */; };
		AB12F9E529AC425500C639B6 /* STIdentifiers.swift in Sources */ = {isa = PBXBuildFile; fileRef = AB12F9E429AC425500C639B6 /* STIdentifiers.swift */; };
		AB12F9E729AC4BEC00C639B6 /* STApiResponse.swift in Sources */ = {isa = PBXBuildFile; fileRef = AB12F9E629AC4BEC00C639B6 /* STApiResponse.swift */; };
		AB12F9EC29AC79DD00C639B6 /* STApiResult.swift in Sources */ = {isa = PBXBuildFile; fileRef = AB12F9EB29AC79DD00C639B6 /* STApiResult.swift */; };
		AB12F9EE29AC8D6700C639B6 /* STLoaingVController.swift in Sources */ = {isa = PBXBuildFile; fileRef = AB12F9ED29AC8D6700C639B6 /* STLoaingVController.swift */; };
		AB12F9F029AC8E2F00C639B6 /* UIViewController+.swift in Sources */ = {isa = PBXBuildFile; fileRef = AB12F9EF29AC8E2F00C639B6 /* UIViewController+.swift */; };
		AB12F9F229AE531A00C639B6 /* STSwitchController.swift in Sources */ = {isa = PBXBuildFile; fileRef = AB12F9F129AE531A00C639B6 /* STSwitchController.swift */; };
		AB5A51ED29CF0E4300656FC4 /* Date+.swift in Sources */ = {isa = PBXBuildFile; fileRef = AB5A51EC29CF0E4300656FC4 /* Date+.swift */; };
		AB5A51F129D1586A00656FC4 /* STChatStorage.swift in Sources */ = {isa = PBXBuildFile; fileRef = AB5A51F029D1586A00656FC4 /* STChatStorage.swift */; };
		AB5A51F329D17E1900656FC4 /* STChatDataSource.swift in Sources */ = {isa = PBXBuildFile; fileRef = AB5A51F229D17E1900656FC4 /* STChatDataSource.swift */; };
		AB5A51F529D17E2800656FC4 /* STMessageDataSource.swift in Sources */ = {isa = PBXBuildFile; fileRef = AB5A51F429D17E2800656FC4 /* STMessageDataSource.swift */; };
		AB5A51FD29D1C76C00656FC4 /* STMessageIdState.swift in Sources */ = {isa = PBXBuildFile; fileRef = AB5A51FC29D1C76C00656FC4 /* STMessageIdState.swift */; };
		AB5A51FF29D1CE6300656FC4 /* STMessagesView.swift in Sources */ = {isa = PBXBuildFile; fileRef = AB5A51FE29D1CE6300656FC4 /* STMessagesView.swift */; };
		AB5A520129D1D7D800656FC4 /* STReceiveMessageTableCell.swift in Sources */ = {isa = PBXBuildFile; fileRef = AB5A520029D1D7D800656FC4 /* STReceiveMessageTableCell.swift */; };
		AB5A520329D1E78A00656FC4 /* STSendMessageTableCell.swift in Sources */ = {isa = PBXBuildFile; fileRef = AB5A520229D1E78A00656FC4 /* STSendMessageTableCell.swift */; };
		AB8BBB0829B85C6F00125DAB /* STUserState.swift in Sources */ = {isa = PBXBuildFile; fileRef = AB8BBB0729B85C6F00125DAB /* STUserState.swift */; };
		AB8BBB1129B8AAFA00125DAB /* STBadgeView.swift in Sources */ = {isa = PBXBuildFile; fileRef = AB8BBB1029B8AAFA00125DAB /* STBadgeView.swift */; };
		AB8BBB1529B9F3B100125DAB /* DateUtil.swift in Sources */ = {isa = PBXBuildFile; fileRef = AB8BBB1429B9F3B100125DAB /* DateUtil.swift */; };
		AB8BBB1729BB00C000125DAB /* UIImageView+.swift in Sources */ = {isa = PBXBuildFile; fileRef = AB8BBB1629BB00C000125DAB /* UIImageView+.swift */; };
		AB8BBB1B29BC594200125DAB /* UINavigationItem+.swift in Sources */ = {isa = PBXBuildFile; fileRef = AB8BBB1A29BC594200125DAB /* UINavigationItem+.swift */; };
		AB8BBB1E29BC958F00125DAB /* FileCacher.swift in Sources */ = {isa = PBXBuildFile; fileRef = AB8BBB1D29BC958F00125DAB /* FileCacher.swift */; };
		AB8BBB2029BC95CB00125DAB /* FileStorage.swift in Sources */ = {isa = PBXBuildFile; fileRef = AB8BBB1F29BC95CB00125DAB /* FileStorage.swift */; };
		ABA21320296EA95C00F1D2F7 /* STAppDelegate.swift in Sources */ = {isa = PBXBuildFile; fileRef = ABA2131F296EA95C00F1D2F7 /* STAppDelegate.swift */; };
		ABA21324296EA95C00F1D2F7 /* STMainVController.swift in Sources */ = {isa = PBXBuildFile; fileRef = ABA21323296EA95C00F1D2F7 /* STMainVController.swift */; };
		ABA21327296EA95C00F1D2F7 /* Main.storyboard in Resources */ = {isa = PBXBuildFile; fileRef = ABA21325296EA95C00F1D2F7 /* Main.storyboard */; };
		ABA2132A296EA95C00F1D2F7 /* Startalk.xcdatamodeld in Sources */ = {isa = PBXBuildFile; fileRef = ABA21328296EA95C00F1D2F7 /* Startalk.xcdatamodeld */; };
		ABA2132C296EA95D00F1D2F7 /* Assets.xcassets in Resources */ = {isa = PBXBuildFile; fileRef = ABA2132B296EA95D00F1D2F7 /* Assets.xcassets */; };
		ABA2132F296EA95D00F1D2F7 /* LaunchScreen.storyboard in Resources */ = {isa = PBXBuildFile; fileRef = ABA2132D296EA95D00F1D2F7 /* LaunchScreen.storyboard */; };
		ABBC9E1029E196810097ADED /* STNotificationManager.swift in Sources */ = {isa = PBXBuildFile; fileRef = ABBC9E0F29E196810097ADED /* STNotificationManager.swift */; };
		ABBC9E1629E80D660097ADED /* XMPPClient.xcframework in Frameworks */ = {isa = PBXBuildFile; fileRef = ABBC9E1429E80D580097ADED /* XMPPClient.xcframework */; };
		ABBC9E1729E80D660097ADED /* XMPPClient.xcframework in Embed Frameworks */ = {isa = PBXBuildFile; fileRef = ABBC9E1429E80D580097ADED /* XMPPClient.xcframework */; settings = {ATTRIBUTES = (RemoveHeadersOnCopy, ); }; };
		ABBC9E1A29E9202A0097ADED /* STDatabaseManager.swift in Sources */ = {isa = PBXBuildFile; fileRef = ABBC9E1929E9202A0097ADED /* STDatabaseManager.swift */; };
		ABC79D4629D6E82A0025C155 /* KeyboardView.swift in Sources */ = {isa = PBXBuildFile; fileRef = ABC79D4529D6E82A0025C155 /* KeyboardView.swift */; };
		ABC79D4829D71C1E0025C155 /* UITableView+.swift in Sources */ = {isa = PBXBuildFile; fileRef = ABC79D4729D71C1E0025C155 /* UITableView+.swift */; };
		ABC79D4A29D97DCA0025C155 /* STMessageInputBar.swift in Sources */ = {isa = PBXBuildFile; fileRef = ABC79D4929D97DCA0025C155 /* STMessageInputBar.swift */; };
		ABC79D4C29D98C2E0025C155 /* STMessageInputState.swift in Sources */ = {isa = PBXBuildFile; fileRef = ABC79D4B29D98C2E0025C155 /* STMessageInputState.swift */; };
		ABC79D4E29DA8DA50025C155 /* NSLayoutDimension+.swift in Sources */ = {isa = PBXBuildFile; fileRef = ABC79D4D29DA8DA50025C155 /* NSLayoutDimension+.swift */; };
		ABC79D5029DAD20A0025C155 /* STMessageStickersView.swift in Sources */ = {isa = PBXBuildFile; fileRef = ABC79D4F29DAD20A0025C155 /* STMessageStickersView.swift */; };
		ABC79D5229DAD2860025C155 /* STMessageInputFunctionsView.swift in Sources */ = {isa = PBXBuildFile; fileRef = ABC79D5129DAD2860025C155 /* STMessageInputFunctionsView.swift */; };
		ABF80B4F29AF3A6000EA1861 /* STQrCodeUtil.swift in Sources */ = {isa = PBXBuildFile; fileRef = ABF80B4E29AF3A6000EA1861 /* STQrCodeUtil.swift */; };
		ABF80B5129AF6A0E00EA1861 /* STBaseScanVController.swift in Sources */ = {isa = PBXBuildFile; fileRef = ABF80B5029AF6A0E00EA1861 /* STBaseScanVController.swift */; };
		ABF80B5529B0B13B00EA1861 /* STScanLineView.swift in Sources */ = {isa = PBXBuildFile; fileRef = ABF80B5429B0B13B00EA1861 /* STScanLineView.swift */; };
		ABF80B5829B0BAA600EA1861 /* STBaseScanView.swift in Sources */ = {isa = PBXBuildFile; fileRef = ABF80B5729B0BAA600EA1861 /* STBaseScanView.swift */; };
		ABF80B5D29B1E04D00EA1861 /* STScanView.swift in Sources */ = {isa = PBXBuildFile; fileRef = ABF80B5C29B1E04D00EA1861 /* STScanView.swift */; };
		ABF80B5F29B1E05F00EA1861 /* STScanVController.swift in Sources */ = {isa = PBXBuildFile; fileRef = ABF80B5E29B1E05F00EA1861 /* STScanVController.swift */; };
		ABF80B6229B4C50800EA1861 /* STService.swift in Sources */ = {isa = PBXBuildFile; fileRef = ABF80B6129B4C50800EA1861 /* STService.swift */; };
		ABF80B6429B584F400EA1861 /* STServiceNavigation.swift in Sources */ = {isa = PBXBuildFile; fileRef = ABF80B6329B584F400EA1861 /* STServiceNavigation.swift */; };
		ABF80B6629B5BA4800EA1861 /* STEditableViewController.swift in Sources */ = {isa = PBXBuildFile; fileRef = ABF80B6529B5BA4800EA1861 /* STEditableViewController.swift */; };
		ABF80B6829B5DB3D00EA1861 /* StringUtil.swift in Sources */ = {isa = PBXBuildFile; fileRef = ABF80B6729B5DB3D00EA1861 /* StringUtil.swift */; };
		ABF80B6A29B5E6AC00EA1861 /* STServiceQrCodeVController.swift in Sources */ = {isa = PBXBuildFile; fileRef = ABF80B6929B5E6AC00EA1861 /* STServiceQrCodeVController.swift */; };
		ABF80B6C29B5E6C400EA1861 /* STServiceQrCodeView.swift in Sources */ = {isa = PBXBuildFile; fileRef = ABF80B6B29B5E6C400EA1861 /* STServiceQrCodeView.swift */; };
		ABF80B6E29B6332F00EA1861 /* STApiClient.swift in Sources */ = {isa = PBXBuildFile; fileRef = ABF80B6D29B6332F00EA1861 /* STApiClient.swift */; };
		ABF80B7129B74E3100EA1861 /* URLUtil.swift in Sources */ = {isa = PBXBuildFile; fileRef = ABF80B7029B74E3100EA1861 /* URLUtil.swift */; };
		ABFC90D029CDC2E10040BDE5 /* TimeInterval+.swift in Sources */ = {isa = PBXBuildFile; fileRef = ABFC90CF29CDC2E10040BDE5 /* TimeInterval+.swift */; };
		ABFC90D529CDC3410040BDE5 /* STChatsVController.swift in Sources */ = {isa = PBXBuildFile; fileRef = ABFC90D229CDC3410040BDE5 /* STChatsVController.swift */; };
		ABFC90D629CDC3410040BDE5 /* STChat.swift in Sources */ = {isa = PBXBuildFile; fileRef = ABFC90D329CDC3410040BDE5 /* STChat.swift */; };
		ABFC90D729CDC3410040BDE5 /* STChatTableCell.swift in Sources */ = {isa = PBXBuildFile; fileRef = ABFC90D429CDC3410040BDE5 /* STChatTableCell.swift */; };
		ABFC90DA29CDC3630040BDE5 /* STMessagesVController.swift in Sources */ = {isa = PBXBuildFile; fileRef = ABFC90D929CDC3630040BDE5 /* STMessagesVController.swift */; };
		ABFC90DD29CDC3B10040BDE5 /* STNotificationCenter.swift in Sources */ = {isa = PBXBuildFile; fileRef = ABFC90DC29CDC3B10040BDE5 /* STNotificationCenter.swift */; };
		ABFC90E329CDC3C50040BDE5 /* STMessage.swift in Sources */ = {isa = PBXBuildFile; fileRef = ABFC90DF29CDC3C50040BDE5 /* STMessage.swift */; };
		ABFC90E429CDC3C50040BDE5 /* STMessageManager.swift in Sources */ = {isa = PBXBuildFile; fileRef = ABFC90E029CDC3C50040BDE5 /* STMessageManager.swift */; };
		ABFC90E529CDC3C50040BDE5 /* STHistoryMessagesLoader.swift in Sources */ = {isa = PBXBuildFile; fileRef = ABFC90E129CDC3C50040BDE5 /* STHistoryMessagesLoader.swift */; };
		ABFC90E629CDC3C50040BDE5 /* STMessageStorage.swift in Sources */ = {isa = PBXBuildFile; fileRef = ABFC90E229CDC3C50040BDE5 /* STMessageStorage.swift */; };
		ABFC90E829CDC3D70040BDE5 /* STAppStateManager.swift in Sources */ = {isa = PBXBuildFile; fileRef = ABFC90E729CDC3D70040BDE5 /* STAppStateManager.swift */; };
		ABFC90EB29CDC3E00040BDE5 /* STXmppClient.swift in Sources */ = {isa = PBXBuildFile; fileRef = ABFC90EA29CDC3E00040BDE5 /* STXmppClient.swift */; };
/* End PBXBuildFile section */

/* Begin PBXCopyFilesBuildPhase section */
		ABFC90F129CDC59E0040BDE5 /* Embed Frameworks */ = {
			isa = PBXCopyFilesBuildPhase;
			buildActionMask = 2147483647;
			dstPath = "";
			dstSubfolderSpec = 10;
			files = (
				ABBC9E1729E80D660097ADED /* XMPPClient.xcframework in Embed Frameworks */,
			);
			name = "Embed Frameworks";
			runOnlyForDeploymentPostprocessing = 0;
		};
/* End PBXCopyFilesBuildPhase section */

/* Begin PBXFileReference section */
		7DB60415296F141500A0AAFA /* STContentVController.swift */ = {isa = PBXFileReference; lastKnownFileType = sourcecode.swift; path = STContentVController.swift; sourceTree = "<group>"; };
		7DB60419296FB75F00A0AAFA /* STContactVController.swift */ = {isa = PBXFileReference; lastKnownFileType = sourcecode.swift; path = STContactVController.swift; sourceTree = "<group>"; };
		7DB6041B296FB78500A0AAFA /* STDiscoverVController.swift */ = {isa = PBXFileReference; lastKnownFileType = sourcecode.swift; path = STDiscoverVController.swift; sourceTree = "<group>"; };
		7DB6041D296FB79A00A0AAFA /* STMineVController.swift */ = {isa = PBXFileReference; lastKnownFileType = sourcecode.swift; path = STMineVController.swift; sourceTree = "<group>"; };
		AB12F97A29A34C1000C639B6 /* STLoginView.swift */ = {isa = PBXFileReference; lastKnownFileType = sourcecode.swift; path = STLoginView.swift; sourceTree = "<group>"; };
		AB12F97D29A392E100C639B6 /* UIColor+.swift */ = {isa = PBXFileReference; lastKnownFileType = sourcecode.swift; path = "UIColor+.swift"; sourceTree = "<group>"; };
		AB12F97F29A396E900C639B6 /* STLoginVController.swift */ = {isa = PBXFileReference; lastKnownFileType = sourcecode.swift; path = STLoginVController.swift; sourceTree = "<group>"; };
		AB12F9A829A4C26A00C639B6 /* en */ = {isa = PBXFileReference; lastKnownFileType = text.plist.strings; name = en; path = en.lproj/Localizable.strings; sourceTree = "<group>"; };
		AB12F9AA29A4C26F00C639B6 /* zh-Hans */ = {isa = PBXFileReference; lastKnownFileType = text.plist.strings; name = "zh-Hans"; path = "zh-Hans.lproj/Localizable.strings"; sourceTree = "<group>"; };
		AB12F9AB29A4C62400C639B6 /* String+.swift */ = {isa = PBXFileReference; lastKnownFileType = sourcecode.swift; path = "String+.swift"; sourceTree = "<group>"; };
		AB12F9B229A85F5C00C639B6 /* STServieTableCell.swift */ = {isa = PBXFileReference; lastKnownFileType = sourcecode.swift; path = STServieTableCell.swift; sourceTree = "<group>"; };
		AB12F9B629A8A7A500C639B6 /* STServicesVController.swift */ = {isa = PBXFileReference; lastKnownFileType = sourcecode.swift; path = STServicesVController.swift; sourceTree = "<group>"; };
		AB12F9B829A8CC2D00C639B6 /* STServicesView.swift */ = {isa = PBXFileReference; lastKnownFileType = sourcecode.swift; path = STServicesView.swift; sourceTree = "<group>"; };
		AB12F9BC29AA169100C639B6 /* STServiceEditorView.swift */ = {isa = PBXFileReference; lastKnownFileType = sourcecode.swift; path = STServiceEditorView.swift; sourceTree = "<group>"; };
		AB12F9BF29AA28BA00C639B6 /* ComponentFactory.swift */ = {isa = PBXFileReference; lastKnownFileType = sourcecode.swift; path = ComponentFactory.swift; sourceTree = "<group>"; };
		AB12F9C129AA345300C639B6 /* STServiceEditorVController.swift */ = {isa = PBXFileReference; lastKnownFileType = sourcecode.swift; path = STServiceEditorVController.swift; sourceTree = "<group>"; };
		AB12F9C729AB67DD00C639B6 /* STKit.swift */ = {isa = PBXFileReference; lastKnownFileType = sourcecode.swift; path = STKit.swift; sourceTree = "<group>"; };
		AB12F9C929AB682300C639B6 /* STLoginManager.swift */ = {isa = PBXFileReference; lastKnownFileType = sourcecode.swift; path = STLoginManager.swift; sourceTree = "<group>"; };
		AB12F9CB29AB682F00C639B6 /* STServiceManager.swift */ = {isa = PBXFileReference; lastKnownFileType = sourcecode.swift; path = STServiceManager.swift; sourceTree = "<group>"; };
		AB12F9D029AB6ADB00C639B6 /* STHttpClient.swift */ = {isa = PBXFileReference; lastKnownFileType = sourcecode.swift; path = STHttpClient.swift; sourceTree = "<group>"; };
		AB12F9D229AB6C4000C639B6 /* STLogger.swift */ = {isa = PBXFileReference; fileEncoding = 4; lastKnownFileType = sourcecode.swift; path = STLogger.swift; sourceTree = "<group>"; };
		AB12F9D429AB7E1400C639B6 /* RSAUtil.swift */ = {isa = PBXFileReference; lastKnownFileType = sourcecode.swift; path = RSAUtil.swift; sourceTree = "<group>"; };
		AB12F9D729AB847600C639B6 /* rsa_public_key.pem */ = {isa = PBXFileReference; fileEncoding = 4; lastKnownFileType = text; path = rsa_public_key.pem; sourceTree = "<group>"; };
		AB12F9E429AC425500C639B6 /* STIdentifiers.swift */ = {isa = PBXFileReference; lastKnownFileType = sourcecode.swift; path = STIdentifiers.swift; sourceTree = "<group>"; };
		AB12F9E629AC4BEC00C639B6 /* STApiResponse.swift */ = {isa = PBXFileReference; lastKnownFileType = sourcecode.swift; path = STApiResponse.swift; sourceTree = "<group>"; };
		AB12F9EB29AC79DD00C639B6 /* STApiResult.swift */ = {isa = PBXFileReference; lastKnownFileType = sourcecode.swift; path = STApiResult.swift; sourceTree = "<group>"; };
		AB12F9ED29AC8D6700C639B6 /* STLoaingVController.swift */ = {isa = PBXFileReference; lastKnownFileType = sourcecode.swift; path = STLoaingVController.swift; sourceTree = "<group>"; };
		AB12F9EF29AC8E2F00C639B6 /* UIViewController+.swift */ = {isa = PBXFileReference; lastKnownFileType = sourcecode.swift; path = "UIViewController+.swift"; sourceTree = "<group>"; };
		AB12F9F129AE531A00C639B6 /* STSwitchController.swift */ = {isa = PBXFileReference; lastKnownFileType = sourcecode.swift; path = STSwitchController.swift; sourceTree = "<group>"; };
		AB5A51EC29CF0E4300656FC4 /* Date+.swift */ = {isa = PBXFileReference; lastKnownFileType = sourcecode.swift; path = "Date+.swift"; sourceTree = "<group>"; };
		AB5A51F029D1586A00656FC4 /* STChatStorage.swift */ = {isa = PBXFileReference; lastKnownFileType = sourcecode.swift; path = STChatStorage.swift; sourceTree = "<group>"; };
		AB5A51F229D17E1900656FC4 /* STChatDataSource.swift */ = {isa = PBXFileReference; lastKnownFileType = sourcecode.swift; path = STChatDataSource.swift; sourceTree = "<group>"; };
		AB5A51F429D17E2800656FC4 /* STMessageDataSource.swift */ = {isa = PBXFileReference; lastKnownFileType = sourcecode.swift; path = STMessageDataSource.swift; sourceTree = "<group>"; };
		AB5A51FC29D1C76C00656FC4 /* STMessageIdState.swift */ = {isa = PBXFileReference; lastKnownFileType = sourcecode.swift; path = STMessageIdState.swift; sourceTree = "<group>"; };
		AB5A51FE29D1CE6300656FC4 /* STMessagesView.swift */ = {isa = PBXFileReference; lastKnownFileType = sourcecode.swift; path = STMessagesView.swift; sourceTree = "<group>"; };
		AB5A520029D1D7D800656FC4 /* STReceiveMessageTableCell.swift */ = {isa = PBXFileReference; lastKnownFileType = sourcecode.swift; path = STReceiveMessageTableCell.swift; sourceTree = "<group>"; };
		AB5A520229D1E78A00656FC4 /* STSendMessageTableCell.swift */ = {isa = PBXFileReference; lastKnownFileType = sourcecode.swift; path = STSendMessageTableCell.swift; sourceTree = "<group>"; };
		AB8BBB0729B85C6F00125DAB /* STUserState.swift */ = {isa = PBXFileReference; lastKnownFileType = sourcecode.swift; path = STUserState.swift; sourceTree = "<group>"; };
		AB8BBB1029B8AAFA00125DAB /* STBadgeView.swift */ = {isa = PBXFileReference; lastKnownFileType = sourcecode.swift; path = STBadgeView.swift; sourceTree = "<group>"; };
		AB8BBB1429B9F3B100125DAB /* DateUtil.swift */ = {isa = PBXFileReference; lastKnownFileType = sourcecode.swift; path = DateUtil.swift; sourceTree = "<group>"; };
		AB8BBB1629BB00C000125DAB /* UIImageView+.swift */ = {isa = PBXFileReference; lastKnownFileType = sourcecode.swift; path = "UIImageView+.swift"; sourceTree = "<group>"; };
		AB8BBB1A29BC594200125DAB /* UINavigationItem+.swift */ = {isa = PBXFileReference; lastKnownFileType = sourcecode.swift; path = "UINavigationItem+.swift"; sourceTree = "<group>"; };
		AB8BBB1D29BC958F00125DAB /* FileCacher.swift */ = {isa = PBXFileReference; lastKnownFileType = sourcecode.swift; path = FileCacher.swift; sourceTree = "<group>"; };
		AB8BBB1F29BC95CB00125DAB /* FileStorage.swift */ = {isa = PBXFileReference; lastKnownFileType = sourcecode.swift; path = FileStorage.swift; sourceTree = "<group>"; };
		ABA2131C296EA95C00F1D2F7 /* Startalk.app */ = {isa = PBXFileReference; explicitFileType = wrapper.application; includeInIndex = 0; path = Startalk.app; sourceTree = BUILT_PRODUCTS_DIR; };
		ABA2131F296EA95C00F1D2F7 /* STAppDelegate.swift */ = {isa = PBXFileReference; lastKnownFileType = sourcecode.swift; path = STAppDelegate.swift; sourceTree = "<group>"; };
		ABA21323296EA95C00F1D2F7 /* STMainVController.swift */ = {isa = PBXFileReference; lastKnownFileType = sourcecode.swift; path = STMainVController.swift; sourceTree = "<group>"; };
		ABA21326296EA95C00F1D2F7 /* Base */ = {isa = PBXFileReference; lastKnownFileType = file.storyboard; name = Base; path = Base.lproj/Main.storyboard; sourceTree = "<group>"; };
		ABA21329296EA95C00F1D2F7 /* Startalk.xcdatamodel */ = {isa = PBXFileReference; lastKnownFileType = wrapper.xcdatamodel; path = Startalk.xcdatamodel; sourceTree = "<group>"; };
		ABA2132B296EA95D00F1D2F7 /* Assets.xcassets */ = {isa = PBXFileReference; lastKnownFileType = folder.assetcatalog; path = Assets.xcassets; sourceTree = "<group>"; };
		ABA2132E296EA95D00F1D2F7 /* Base */ = {isa = PBXFileReference; lastKnownFileType = file.storyboard; name = Base; path = Base.lproj/LaunchScreen.storyboard; sourceTree = "<group>"; };
		ABA21330296EA95D00F1D2F7 /* Info.plist */ = {isa = PBXFileReference; lastKnownFileType = text.plist.xml; path = Info.plist; sourceTree = "<group>"; };
		ABBC9E0F29E196810097ADED /* STNotificationManager.swift */ = {isa = PBXFileReference; lastKnownFileType = sourcecode.swift; path = STNotificationManager.swift; sourceTree = "<group>"; };
		ABBC9E1129E199030097ADED /* Startalk.entitlements */ = {isa = PBXFileReference; lastKnownFileType = text.plist.entitlements; path = Startalk.entitlements; sourceTree = "<group>"; };
		ABBC9E1429E80D580097ADED /* XMPPClient.xcframework */ = {isa = PBXFileReference; lastKnownFileType = wrapper.xcframework; path = XMPPClient.xcframework; sourceTree = "<group>"; };
		ABBC9E1929E9202A0097ADED /* STDatabaseManager.swift */ = {isa = PBXFileReference; lastKnownFileType = sourcecode.swift; path = STDatabaseManager.swift; sourceTree = "<group>"; };
		ABC79D4529D6E82A0025C155 /* KeyboardView.swift */ = {isa = PBXFileReference; lastKnownFileType = sourcecode.swift; path = KeyboardView.swift; sourceTree = "<group>"; };
		ABC79D4729D71C1E0025C155 /* UITableView+.swift */ = {isa = PBXFileReference; lastKnownFileType = sourcecode.swift; path = "UITableView+.swift"; sourceTree = "<group>"; };
		ABC79D4929D97DCA0025C155 /* STMessageInputBar.swift */ = {isa = PBXFileReference; lastKnownFileType = sourcecode.swift; path = STMessageInputBar.swift; sourceTree = "<group>"; };
		ABC79D4B29D98C2E0025C155 /* STMessageInputState.swift */ = {isa = PBXFileReference; lastKnownFileType = sourcecode.swift; path = STMessageInputState.swift; sourceTree = "<group>"; };
		ABC79D4D29DA8DA50025C155 /* NSLayoutDimension+.swift */ = {isa = PBXFileReference; lastKnownFileType = sourcecode.swift; path = "NSLayoutDimension+.swift"; sourceTree = "<group>"; };
		ABC79D4F29DAD20A0025C155 /* STMessageStickersView.swift */ = {isa = PBXFileReference; lastKnownFileType = sourcecode.swift; path = STMessageStickersView.swift; sourceTree = "<group>"; };
		ABC79D5129DAD2860025C155 /* STMessageInputFunctionsView.swift */ = {isa = PBXFileReference; lastKnownFileType = sourcecode.swift; path = STMessageInputFunctionsView.swift; sourceTree = "<group>"; };
		ABF80B4E29AF3A6000EA1861 /* STQrCodeUtil.swift */ = {isa = PBXFileReference; lastKnownFileType = sourcecode.swift; path = STQrCodeUtil.swift; sourceTree = "<group>"; };
		ABF80B5029AF6A0E00EA1861 /* STBaseScanVController.swift */ = {isa = PBXFileReference; lastKnownFileType = sourcecode.swift; path = STBaseScanVController.swift; sourceTree = "<group>"; };
		ABF80B5429B0B13B00EA1861 /* STScanLineView.swift */ = {isa = PBXFileReference; lastKnownFileType = sourcecode.swift; path = STScanLineView.swift; sourceTree = "<group>"; };
		ABF80B5729B0BAA600EA1861 /* STBaseScanView.swift */ = {isa = PBXFileReference; lastKnownFileType = sourcecode.swift; path = STBaseScanView.swift; sourceTree = "<group>"; };
		ABF80B5C29B1E04D00EA1861 /* STScanView.swift */ = {isa = PBXFileReference; lastKnownFileType = sourcecode.swift; path = STScanView.swift; sourceTree = "<group>"; };
		ABF80B5E29B1E05F00EA1861 /* STScanVController.swift */ = {isa = PBXFileReference; lastKnownFileType = sourcecode.swift; path = STScanVController.swift; sourceTree = "<group>"; };
		ABF80B6129B4C50800EA1861 /* STService.swift */ = {isa = PBXFileReference; lastKnownFileType = sourcecode.swift; path = STService.swift; sourceTree = "<group>"; };
		ABF80B6329B584F400EA1861 /* STServiceNavigation.swift */ = {isa = PBXFileReference; lastKnownFileType = sourcecode.swift; path = STServiceNavigation.swift; sourceTree = "<group>"; };
		ABF80B6529B5BA4800EA1861 /* STEditableViewController.swift */ = {isa = PBXFileReference; lastKnownFileType = sourcecode.swift; path = STEditableViewController.swift; sourceTree = "<group>"; };
		ABF80B6729B5DB3D00EA1861 /* StringUtil.swift */ = {isa = PBXFileReference; lastKnownFileType = sourcecode.swift; path = StringUtil.swift; sourceTree = "<group>"; };
		ABF80B6929B5E6AC00EA1861 /* STServiceQrCodeVController.swift */ = {isa = PBXFileReference; lastKnownFileType = sourcecode.swift; path = STServiceQrCodeVController.swift; sourceTree = "<group>"; };
		ABF80B6B29B5E6C400EA1861 /* STServiceQrCodeView.swift */ = {isa = PBXFileReference; lastKnownFileType = sourcecode.swift; path = STServiceQrCodeView.swift; sourceTree = "<group>"; };
		ABF80B6D29B6332F00EA1861 /* STApiClient.swift */ = {isa = PBXFileReference; lastKnownFileType = sourcecode.swift; path = STApiClient.swift; sourceTree = "<group>"; };
		ABF80B7029B74E3100EA1861 /* URLUtil.swift */ = {isa = PBXFileReference; lastKnownFileType = sourcecode.swift; path = URLUtil.swift; sourceTree = "<group>"; };
		ABFC90CF29CDC2E10040BDE5 /* TimeInterval+.swift */ = {isa = PBXFileReference; fileEncoding = 4; lastKnownFileType = sourcecode.swift; path = "TimeInterval+.swift"; sourceTree = "<group>"; };
		ABFC90D229CDC3410040BDE5 /* STChatsVController.swift */ = {isa = PBXFileReference; fileEncoding = 4; lastKnownFileType = sourcecode.swift; path = STChatsVController.swift; sourceTree = "<group>"; };
		ABFC90D329CDC3410040BDE5 /* STChat.swift */ = {isa = PBXFileReference; fileEncoding = 4; lastKnownFileType = sourcecode.swift; path = STChat.swift; sourceTree = "<group>"; };
		ABFC90D429CDC3410040BDE5 /* STChatTableCell.swift */ = {isa = PBXFileReference; fileEncoding = 4; lastKnownFileType = sourcecode.swift; path = STChatTableCell.swift; sourceTree = "<group>"; };
		ABFC90D929CDC3630040BDE5 /* STMessagesVController.swift */ = {isa = PBXFileReference; fileEncoding = 4; lastKnownFileType = sourcecode.swift; path = STMessagesVController.swift; sourceTree = "<group>"; };
		ABFC90DC29CDC3B10040BDE5 /* STNotificationCenter.swift */ = {isa = PBXFileReference; fileEncoding = 4; lastKnownFileType = sourcecode.swift; path = STNotificationCenter.swift; sourceTree = "<group>"; };
		ABFC90DF29CDC3C50040BDE5 /* STMessage.swift */ = {isa = PBXFileReference; fileEncoding = 4; lastKnownFileType = sourcecode.swift; path = STMessage.swift; sourceTree = "<group>"; };
		ABFC90E029CDC3C50040BDE5 /* STMessageManager.swift */ = {isa = PBXFileReference; fileEncoding = 4; lastKnownFileType = sourcecode.swift; path = STMessageManager.swift; sourceTree = "<group>"; };
		ABFC90E129CDC3C50040BDE5 /* STHistoryMessagesLoader.swift */ = {isa = PBXFileReference; fileEncoding = 4; lastKnownFileType = sourcecode.swift; path = STHistoryMessagesLoader.swift; sourceTree = "<group>"; };
		ABFC90E229CDC3C50040BDE5 /* STMessageStorage.swift */ = {isa = PBXFileReference; fileEncoding = 4; lastKnownFileType = sourcecode.swift; path = STMessageStorage.swift; sourceTree = "<group>"; };
		ABFC90E729CDC3D70040BDE5 /* STAppStateManager.swift */ = {isa = PBXFileReference; fileEncoding = 4; lastKnownFileType = sourcecode.swift; path = STAppStateManager.swift; sourceTree = "<group>"; };
		ABFC90EA29CDC3E00040BDE5 /* STXmppClient.swift */ = {isa = PBXFileReference; fileEncoding = 4; lastKnownFileType = sourcecode.swift; path = STXmppClient.swift; sourceTree = "<group>"; };
/* End PBXFileReference section */

/* Begin PBXFrameworksBuildPhase section */
		ABA21319296EA95C00F1D2F7 /* Frameworks */ = {
			isa = PBXFrameworksBuildPhase;
			buildActionMask = 2147483647;
			files = (
				ABBC9E1629E80D660097ADED /* XMPPClient.xcframework in Frameworks */,
			);
			runOnlyForDeploymentPostprocessing = 0;
		};
/* End PBXFrameworksBuildPhase section */

/* Begin PBXGroup section */
		7DB60414296F11EE00A0AAFA /* views */ = {
			isa = PBXGroup;
			children = (
				ABA21323296EA95C00F1D2F7 /* STMainVController.swift */,
				7DB60415296F141500A0AAFA /* STContentVController.swift */,
				AB12F97929A34B8500C639B6 /* login */,
				AB12F9AD29A63A2600C639B6 /* service */,
				AB8BBB0D29B8740300125DAB /* chats */,
				7DB60419296FB75F00A0AAFA /* STContactVController.swift */,
				7DB6041B296FB78500A0AAFA /* STDiscoverVController.swift */,
				7DB6041D296FB79A00A0AAFA /* STMineVController.swift */,
				AB12F9BE29AA27F600C639B6 /* components */,
				ABF80B5A29B1DFFD00EA1861 /* base */,
			);
			path = views;
			sourceTree = "<group>";
		};
		AB12F97929A34B8500C639B6 /* login */ = {
			isa = PBXGroup;
			children = (
				AB12F97F29A396E900C639B6 /* STLoginVController.swift */,
				AB12F97A29A34C1000C639B6 /* STLoginView.swift */,
			);
			path = login;
			sourceTree = "<group>";
		};
		AB12F97C29A392A800C639B6 /* extensions */ = {
			isa = PBXGroup;
			children = (
				AB12F97D29A392E100C639B6 /* UIColor+.swift */,
				AB12F9AB29A4C62400C639B6 /* String+.swift */,
				AB12F9EF29AC8E2F00C639B6 /* UIViewController+.swift */,
				AB8BBB1629BB00C000125DAB /* UIImageView+.swift */,
				AB8BBB1A29BC594200125DAB /* UINavigationItem+.swift */,
				ABFC90CF29CDC2E10040BDE5 /* TimeInterval+.swift */,
				AB5A51EC29CF0E4300656FC4 /* Date+.swift */,
				ABC79D4729D71C1E0025C155 /* UITableView+.swift */,
				ABC79D4D29DA8DA50025C155 /* NSLayoutDimension+.swift */,
			);
			path = extensions;
			sourceTree = "<group>";
		};
		AB12F9AD29A63A2600C639B6 /* service */ = {
			isa = PBXGroup;
			children = (
				AB12F9B629A8A7A500C639B6 /* STServicesVController.swift */,
				AB12F9B829A8CC2D00C639B6 /* STServicesView.swift */,
				AB12F9B229A85F5C00C639B6 /* STServieTableCell.swift */,
				AB12F9C129AA345300C639B6 /* STServiceEditorVController.swift */,
				AB12F9BC29AA169100C639B6 /* STServiceEditorView.swift */,
				ABF80B6929B5E6AC00EA1861 /* STServiceQrCodeVController.swift */,
				ABF80B6B29B5E6C400EA1861 /* STServiceQrCodeView.swift */,
			);
			path = service;
			sourceTree = "<group>";
		};
		AB12F9BE29AA27F600C639B6 /* components */ = {
			isa = PBXGroup;
			children = (
				AB8BBB1029B8AAFA00125DAB /* STBadgeView.swift */,
				AB12F9BF29AA28BA00C639B6 /* ComponentFactory.swift */,
				AB12F9ED29AC8D6700C639B6 /* STLoaingVController.swift */,
				ABF80B5E29B1E05F00EA1861 /* STScanVController.swift */,
				ABF80B5C29B1E04D00EA1861 /* STScanView.swift */,
			);
			path = components;
			sourceTree = "<group>";
		};
		AB12F9C329AB532500C639B6 /* kit */ = {
			isa = PBXGroup;
			children = (
				AB12F9C729AB67DD00C639B6 /* STKit.swift */,
				ABFC90E729CDC3D70040BDE5 /* STAppStateManager.swift */,
				AB12F9E429AC425500C639B6 /* STIdentifiers.swift */,
				AB8BBB0729B85C6F00125DAB /* STUserState.swift */,
				AB12F9E129AC3D3A00C639B6 /* login */,
				ABFC90DE29CDC3C50040BDE5 /* messages */,
				ABF80B6029B4A01100EA1861 /* service */,
				ABF80B6F29B71F3C00EA1861 /* api */,
				ABFC90E929CDC3E00040BDE5 /* xmpp */,
				ABBC9E0E29E185850097ADED /* notification */,
				ABFC90DB29CDC3B10040BDE5 /* localNotification */,
				ABBC9E1829E920130097ADED /* database */,
				AB8BBB1C29BC950C00125DAB /* files */,
			);
			path = kit;
			sourceTree = "<group>";
		};
		AB12F9C429AB539400C639B6 /* utils */ = {
			isa = PBXGroup;
			children = (
				AB12F9D229AB6C4000C639B6 /* STLogger.swift */,
				AB12F9D429AB7E1400C639B6 /* RSAUtil.swift */,
				ABF80B4E29AF3A6000EA1861 /* STQrCodeUtil.swift */,
				ABF80B6729B5DB3D00EA1861 /* StringUtil.swift */,
				ABF80B7029B74E3100EA1861 /* URLUtil.swift */,
				AB8BBB1429B9F3B100125DAB /* DateUtil.swift */,
			);
			path = utils;
			sourceTree = "<group>";
		};
		AB12F9CD29AB6A6B00C639B6 /* networking */ = {
			isa = PBXGroup;
			children = (
				AB12F9D029AB6ADB00C639B6 /* STHttpClient.swift */,
			);
			path = networking;
			sourceTree = "<group>";
		};
		AB12F9D629AB800800C639B6 /* resources */ = {
			isa = PBXGroup;
			children = (
				AB12F9D729AB847600C639B6 /* rsa_public_key.pem */,
			);
			path = resources;
			sourceTree = "<group>";
		};
		AB12F9E129AC3D3A00C639B6 /* login */ = {
			isa = PBXGroup;
			children = (
				AB12F9C929AB682300C639B6 /* STLoginManager.swift */,
			);
			path = login;
			sourceTree = "<group>";
		};
		AB8BBB0D29B8740300125DAB /* chats */ = {
			isa = PBXGroup;
			children = (
				ABFC90D129CDC3410040BDE5 /* chat */,
				ABFC90D829CDC3630040BDE5 /* message */,
			);
			path = chats;
			sourceTree = "<group>";
		};
		AB8BBB1C29BC950C00125DAB /* files */ = {
			isa = PBXGroup;
			children = (
				AB8BBB1D29BC958F00125DAB /* FileCacher.swift */,
				AB8BBB1F29BC95CB00125DAB /* FileStorage.swift */,
			);
			path = files;
			sourceTree = "<group>";
		};
		ABA21313296EA95C00F1D2F7 = {
			isa = PBXGroup;
			children = (
				ABA2131E296EA95C00F1D2F7 /* Startalk */,
				ABFC90EC29CDC4E50040BDE5 /* Frameworks */,
				ABA2131D296EA95C00F1D2F7 /* Products */,
			);
			sourceTree = "<group>";
		};
		ABA2131D296EA95C00F1D2F7 /* Products */ = {
			isa = PBXGroup;
			children = (
				ABA2131C296EA95C00F1D2F7 /* Startalk.app */,
			);
			name = Products;
			sourceTree = "<group>";
		};
		ABA2131E296EA95C00F1D2F7 /* Startalk */ = {
			isa = PBXGroup;
			children = (
				ABBC9E1129E199030097ADED /* Startalk.entitlements */,
				ABA2131F296EA95C00F1D2F7 /* STAppDelegate.swift */,
				7DB60414296F11EE00A0AAFA /* views */,
				AB12F9C329AB532500C639B6 /* kit */,
				AB12F9C429AB539400C639B6 /* utils */,
				AB12F97C29A392A800C639B6 /* extensions */,
				AB12F9CD29AB6A6B00C639B6 /* networking */,
				AB12F9D629AB800800C639B6 /* resources */,
				AB12F9A929A4C26A00C639B6 /* Localizable.strings */,
				ABA21325296EA95C00F1D2F7 /* Main.storyboard */,
				ABA2132B296EA95D00F1D2F7 /* Assets.xcassets */,
				ABA2132D296EA95D00F1D2F7 /* LaunchScreen.storyboard */,
				ABA21330296EA95D00F1D2F7 /* Info.plist */,
				ABA21328296EA95C00F1D2F7 /* Startalk.xcdatamodeld */,
			);
			path = Startalk;
			sourceTree = "<group>";
		};
		ABBC9E0E29E185850097ADED /* notification */ = {
			isa = PBXGroup;
			children = (
				ABBC9E0F29E196810097ADED /* STNotificationManager.swift */,
			);
			path = notification;
			sourceTree = "<group>";
		};
		ABBC9E1829E920130097ADED /* database */ = {
			isa = PBXGroup;
			children = (
				ABBC9E1929E9202A0097ADED /* STDatabaseManager.swift */,
			);
			path = database;
			sourceTree = "<group>";
		};
		ABF80B5629B0BA3400EA1861 /* scan */ = {
			isa = PBXGroup;
			children = (
				ABF80B5029AF6A0E00EA1861 /* STBaseScanVController.swift */,
				ABF80B5729B0BAA600EA1861 /* STBaseScanView.swift */,
				ABF80B5429B0B13B00EA1861 /* STScanLineView.swift */,
			);
			path = scan;
			sourceTree = "<group>";
		};
		ABF80B5A29B1DFFD00EA1861 /* base */ = {
			isa = PBXGroup;
			children = (
				AB12F9F129AE531A00C639B6 /* STSwitchController.swift */,
				ABF80B6529B5BA4800EA1861 /* STEditableViewController.swift */,
				ABC79D4529D6E82A0025C155 /* KeyboardView.swift */,
				ABF80B5629B0BA3400EA1861 /* scan */,
			);
			path = base;
			sourceTree = "<group>";
		};
		ABF80B6029B4A01100EA1861 /* service */ = {
			isa = PBXGroup;
			children = (
				AB12F9CB29AB682F00C639B6 /* STServiceManager.swift */,
				ABF80B6129B4C50800EA1861 /* STService.swift */,
				ABF80B6329B584F400EA1861 /* STServiceNavigation.swift */,
			);
			path = service;
			sourceTree = "<group>";
		};
		ABF80B6F29B71F3C00EA1861 /* api */ = {
			isa = PBXGroup;
			children = (
				AB12F9E629AC4BEC00C639B6 /* STApiResponse.swift */,
				AB12F9EB29AC79DD00C639B6 /* STApiResult.swift */,
				ABF80B6D29B6332F00EA1861 /* STApiClient.swift */,
			);
			path = api;
			sourceTree = "<group>";
		};
		ABFC90D129CDC3410040BDE5 /* chat */ = {
			isa = PBXGroup;
			children = (
				ABFC90D229CDC3410040BDE5 /* STChatsVController.swift */,
				ABFC90D429CDC3410040BDE5 /* STChatTableCell.swift */,
			);
			path = chat;
			sourceTree = "<group>";
		};
		ABFC90D829CDC3630040BDE5 /* message */ = {
			isa = PBXGroup;
			children = (
				ABFC90D929CDC3630040BDE5 /* STMessagesVController.swift */,
				ABC79D4B29D98C2E0025C155 /* STMessageInputState.swift */,
				AB5A51FE29D1CE6300656FC4 /* STMessagesView.swift */,
				AB5A520029D1D7D800656FC4 /* STReceiveMessageTableCell.swift */,
				AB5A520229D1E78A00656FC4 /* STSendMessageTableCell.swift */,
				ABC79D4929D97DCA0025C155 /* STMessageInputBar.swift */,
				ABC79D4F29DAD20A0025C155 /* STMessageStickersView.swift */,
				ABC79D5129DAD2860025C155 /* STMessageInputFunctionsView.swift */,
			);
			path = message;
			sourceTree = "<group>";
		};
		ABFC90DB29CDC3B10040BDE5 /* localNotification */ = {
			isa = PBXGroup;
			children = (
				ABFC90DC29CDC3B10040BDE5 /* STNotificationCenter.swift */,
			);
			path = localNotification;
			sourceTree = "<group>";
		};
		ABFC90DE29CDC3C50040BDE5 /* messages */ = {
			isa = PBXGroup;
			children = (
				ABFC90DF29CDC3C50040BDE5 /* STMessage.swift */,
				AB5A51FC29D1C76C00656FC4 /* STMessageIdState.swift */,
				ABFC90D329CDC3410040BDE5 /* STChat.swift */,
				ABFC90E029CDC3C50040BDE5 /* STMessageManager.swift */,
				ABFC90E129CDC3C50040BDE5 /* STHistoryMessagesLoader.swift */,
				ABFC90E229CDC3C50040BDE5 /* STMessageStorage.swift */,
				AB5A51F029D1586A00656FC4 /* STChatStorage.swift */,
				AB5A51F229D17E1900656FC4 /* STChatDataSource.swift */,
				AB5A51F429D17E2800656FC4 /* STMessageDataSource.swift */,
			);
			path = messages;
			sourceTree = "<group>";
		};
		ABFC90E929CDC3E00040BDE5 /* xmpp */ = {
			isa = PBXGroup;
			children = (
				ABFC90EA29CDC3E00040BDE5 /* STXmppClient.swift */,
			);
			path = xmpp;
			sourceTree = "<group>";
		};
		ABFC90EC29CDC4E50040BDE5 /* Frameworks */ = {
			isa = PBXGroup;
			children = (
				ABBC9E1429E80D580097ADED /* XMPPClient.xcframework */,
			);
			path = Frameworks;
			sourceTree = "<group>";
		};
/* End PBXGroup section */

/* Begin PBXNativeTarget section */
		ABA2131B296EA95C00F1D2F7 /* Startalk */ = {
			isa = PBXNativeTarget;
			buildConfigurationList = ABA21333296EA95D00F1D2F7 /* Build configuration list for PBXNativeTarget "Startalk" */;
			buildPhases = (
				ABA21318296EA95C00F1D2F7 /* Sources */,
				ABA21319296EA95C00F1D2F7 /* Frameworks */,
				ABA2131A296EA95C00F1D2F7 /* Resources */,
				ABFC90F129CDC59E0040BDE5 /* Embed Frameworks */,
			);
			buildRules = (
			);
			dependencies = (
			);
			name = Startalk;
			productName = Startalk;
			productReference = ABA2131C296EA95C00F1D2F7 /* Startalk.app */;
			productType = "com.apple.product-type.application";
		};
/* End PBXNativeTarget section */

/* Begin PBXProject section */
		ABA21314296EA95C00F1D2F7 /* Project object */ = {
			isa = PBXProject;
			attributes = {
				BuildIndependentTargetsInParallel = 1;
				LastSwiftUpdateCheck = 1410;
				LastUpgradeCheck = 1410;
				TargetAttributes = {
					ABA2131B296EA95C00F1D2F7 = {
						CreatedOnToolsVersion = 14.1;
					};
				};
			};
			buildConfigurationList = ABA21317296EA95C00F1D2F7 /* Build configuration list for PBXProject "Startalk" */;
			compatibilityVersion = "Xcode 13.0";
			developmentRegion = en;
			hasScannedForEncodings = 0;
			knownRegions = (
				en,
				Base,
				"zh-Hans",
			);
			mainGroup = ABA21313296EA95C00F1D2F7;
			productRefGroup = ABA2131D296EA95C00F1D2F7 /* Products */;
			projectDirPath = "";
			projectRoot = "";
			targets = (
				ABA2131B296EA95C00F1D2F7 /* Startalk */,
			);
		};
/* End PBXProject section */

/* Begin PBXResourcesBuildPhase section */
		ABA2131A296EA95C00F1D2F7 /* Resources */ = {
			isa = PBXResourcesBuildPhase;
			buildActionMask = 2147483647;
			files = (
				ABA2132F296EA95D00F1D2F7 /* LaunchScreen.storyboard in Resources */,
				AB12F9D829AB847600C639B6 /* rsa_public_key.pem in Resources */,
				AB12F9A729A4C26A00C639B6 /* Localizable.strings in Resources */,
				ABA2132C296EA95D00F1D2F7 /* Assets.xcassets in Resources */,
				ABA21327296EA95C00F1D2F7 /* Main.storyboard in Resources */,
			);
			runOnlyForDeploymentPostprocessing = 0;
		};
/* End PBXResourcesBuildPhase section */

/* Begin PBXSourcesBuildPhase section */
		ABA21318296EA95C00F1D2F7 /* Sources */ = {
			isa = PBXSourcesBuildPhase;
			buildActionMask = 2147483647;
			files = (
				AB8BBB1729BB00C000125DAB /* UIImageView+.swift in Sources */,
				ABFC90E529CDC3C50040BDE5 /* STHistoryMessagesLoader.swift in Sources */,
				AB8BBB2029BC95CB00125DAB /* FileStorage.swift in Sources */,
				ABA21324296EA95C00F1D2F7 /* STMainVController.swift in Sources */,
				AB12F9B329A85F5C00C639B6 /* STServieTableCell.swift in Sources */,
				ABF80B6829B5DB3D00EA1861 /* StringUtil.swift in Sources */,
				AB12F9F029AC8E2F00C639B6 /* UIViewController+.swift in Sources */,
				AB5A520129D1D7D800656FC4 /* STReceiveMessageTableCell.swift in Sources */,
				7DB60416296F141500A0AAFA /* STContentVController.swift in Sources */,
				ABC79D4829D71C1E0025C155 /* UITableView+.swift in Sources */,
				ABFC90D729CDC3410040BDE5 /* STChatTableCell.swift in Sources */,
				ABFC90D629CDC3410040BDE5 /* STChat.swift in Sources */,
				ABC79D5029DAD20A0025C155 /* STMessageStickersView.swift in Sources */,
				ABF80B4F29AF3A6000EA1861 /* STQrCodeUtil.swift in Sources */,
				AB12F9B929A8CC2D00C639B6 /* STServicesView.swift in Sources */,
				ABFC90DA29CDC3630040BDE5 /* STMessagesVController.swift in Sources */,
				ABBC9E1A29E9202A0097ADED /* STDatabaseManager.swift in Sources */,
				7DB6041E296FB79A00A0AAFA /* STMineVController.swift in Sources */,
				ABBC9E1029E196810097ADED /* STNotificationManager.swift in Sources */,
				AB12F97B29A34C1000C639B6 /* STLoginView.swift in Sources */,
				AB5A51ED29CF0E4300656FC4 /* Date+.swift in Sources */,
				AB5A51FD29D1C76C00656FC4 /* STMessageIdState.swift in Sources */,
				ABF80B5F29B1E05F00EA1861 /* STScanVController.swift in Sources */,
				AB12F9D329AB6C4000C639B6 /* STLogger.swift in Sources */,
				ABA21320296EA95C00F1D2F7 /* STAppDelegate.swift in Sources */,
				AB12F9CC29AB682F00C639B6 /* STServiceManager.swift in Sources */,
				AB8BBB1E29BC958F00125DAB /* FileCacher.swift in Sources */,
				AB8BBB0829B85C6F00125DAB /* STUserState.swift in Sources */,
				AB8BBB1129B8AAFA00125DAB /* STBadgeView.swift in Sources */,
				ABF80B6E29B6332F00EA1861 /* STApiClient.swift in Sources */,
				ABF80B6C29B5E6C400EA1861 /* STServiceQrCodeView.swift in Sources */,
				AB12F98029A396E900C639B6 /* STLoginVController.swift in Sources */,
				ABF80B6A29B5E6AC00EA1861 /* STServiceQrCodeVController.swift in Sources */,
				AB12F9B729A8A7A500C639B6 /* STServicesVController.swift in Sources */,
				ABFC90E829CDC3D70040BDE5 /* STAppStateManager.swift in Sources */,
				AB12F9EE29AC8D6700C639B6 /* STLoaingVController.swift in Sources */,
				AB12F9D529AB7E1400C639B6 /* RSAUtil.swift in Sources */,
				ABC79D4E29DA8DA50025C155 /* NSLayoutDimension+.swift in Sources */,
				AB12F9C229AA345300C639B6 /* STServiceEditorVController.swift in Sources */,
				ABFC90E329CDC3C50040BDE5 /* STMessage.swift in Sources */,
				7DB6041A296FB75F00A0AAFA /* STContactVController.swift in Sources */,
				AB12F9F229AE531A00C639B6 /* STSwitchController.swift in Sources */,
				ABA2132A296EA95C00F1D2F7 /* Startalk.xcdatamodeld in Sources */,
				AB12F9BD29AA169100C639B6 /* STServiceEditorView.swift in Sources */,
				ABF80B5829B0BAA600EA1861 /* STBaseScanView.swift in Sources */,
				ABF80B5129AF6A0E00EA1861 /* STBaseScanVController.swift in Sources */,
				ABFC90D029CDC2E10040BDE5 /* TimeInterval+.swift in Sources */,
				ABC79D5229DAD2860025C155 /* STMessageInputFunctionsView.swift in Sources */,
				ABFC90D529CDC3410040BDE5 /* STChatsVController.swift in Sources */,
				ABFC90DD29CDC3B10040BDE5 /* STNotificationCenter.swift in Sources */,
				ABFC90E629CDC3C50040BDE5 /* STMessageStorage.swift in Sources */,
				AB12F9E529AC425500C639B6 /* STIdentifiers.swift in Sources */,
				7DB6041C296FB78500A0AAFA /* STDiscoverVController.swift in Sources */,
				ABC79D4A29D97DCA0025C155 /* STMessageInputBar.swift in Sources */,
				ABF80B5529B0B13B00EA1861 /* STScanLineView.swift in Sources */,
				ABF80B6229B4C50800EA1861 /* STService.swift in Sources */,
				AB12F9EC29AC79DD00C639B6 /* STApiResult.swift in Sources */,
				AB8BBB1529B9F3B100125DAB /* DateUtil.swift in Sources */,
				AB12F9D129AB6ADB00C639B6 /* STHttpClient.swift in Sources */,
				AB5A51F529D17E2800656FC4 /* STMessageDataSource.swift in Sources */,
				AB5A51F329D17E1900656FC4 /* STChatDataSource.swift in Sources */,
				ABFC90EB29CDC3E00040BDE5 /* STXmppClient.swift in Sources */,
				AB12F9C829AB67DD00C639B6 /* STKit.swift in Sources */,
				ABC79D4629D6E82A0025C155 /* KeyboardView.swift in Sources */,
				AB5A51F129D1586A00656FC4 /* STChatStorage.swift in Sources */,
				ABF80B7129B74E3100EA1861 /* URLUtil.swift in Sources */,
				ABC79D4C29D98C2E0025C155 /* STMessageInputState.swift in Sources */,
				AB12F9CA29AB682300C639B6 /* STLoginManager.swift in Sources */,
				ABFC90E429CDC3C50040BDE5 /* STMessageManager.swift in Sources */,
				AB12F9AC29A4C62400C639B6 /* String+.swift in Sources */,
				AB5A51FF29D1CE6300656FC4 /* STMessagesView.swift in Sources */,
				AB12F9E729AC4BEC00C639B6 /* STApiResponse.swift in Sources */,
				ABF80B6429B584F400EA1861 /* STServiceNavigation.swift in Sources */,
				AB12F9C029AA28BA00C639B6 /* ComponentFactory.swift in Sources */,
				ABF80B5D29B1E04D00EA1861 /* STScanView.swift in Sources */,
				ABF80B6629B5BA4800EA1861 /* STEditableViewController.swift in Sources */,
				AB8BBB1B29BC594200125DAB /* UINavigationItem+.swift in Sources */,
				AB5A520329D1E78A00656FC4 /* STSendMessageTableCell.swift in Sources */,
				AB12F97E29A392E100C639B6 /* UIColor+.swift in Sources */,
			);
			runOnlyForDeploymentPostprocessing = 0;
		};
/* End PBXSourcesBuildPhase section */

/* Begin PBXVariantGroup section */
		AB12F9A929A4C26A00C639B6 /* Localizable.strings */ = {
			isa = PBXVariantGroup;
			children = (
				AB12F9A829A4C26A00C639B6 /* en */,
				AB12F9AA29A4C26F00C639B6 /* zh-Hans */,
			);
			name = Localizable.strings;
			sourceTree = "<group>";
		};
		ABA21325296EA95C00F1D2F7 /* Main.storyboard */ = {
			isa = PBXVariantGroup;
			children = (
				ABA21326296EA95C00F1D2F7 /* Base */,
			);
			name = Main.storyboard;
			sourceTree = "<group>";
		};
		ABA2132D296EA95D00F1D2F7 /* LaunchScreen.storyboard */ = {
			isa = PBXVariantGroup;
			children = (
				ABA2132E296EA95D00F1D2F7 /* Base */,
			);
			name = LaunchScreen.storyboard;
			sourceTree = "<group>";
		};
/* End PBXVariantGroup section */

/* Begin XCBuildConfiguration section */
		ABA21331296EA95D00F1D2F7 /* Debug */ = {
			isa = XCBuildConfiguration;
			buildSettings = {
				ALWAYS_SEARCH_USER_PATHS = NO;
				CLANG_ANALYZER_LOCALIZABILITY_NONLOCALIZED = YES;
				CLANG_ANALYZER_NONNULL = YES;
				CLANG_ANALYZER_NUMBER_OBJECT_CONVERSION = YES_AGGRESSIVE;
				CLANG_CXX_LANGUAGE_STANDARD = "gnu++20";
				CLANG_ENABLE_MODULES = YES;
				CLANG_ENABLE_OBJC_ARC = YES;
				CLANG_ENABLE_OBJC_WEAK = YES;
				CLANG_WARN_BLOCK_CAPTURE_AUTORELEASING = YES;
				CLANG_WARN_BOOL_CONVERSION = YES;
				CLANG_WARN_COMMA = YES;
				CLANG_WARN_CONSTANT_CONVERSION = YES;
				CLANG_WARN_DEPRECATED_OBJC_IMPLEMENTATIONS = YES;
				CLANG_WARN_DIRECT_OBJC_ISA_USAGE = YES_ERROR;
				CLANG_WARN_DOCUMENTATION_COMMENTS = YES;
				CLANG_WARN_EMPTY_BODY = YES;
				CLANG_WARN_ENUM_CONVERSION = YES;
				CLANG_WARN_INFINITE_RECURSION = YES;
				CLANG_WARN_INT_CONVERSION = YES;
				CLANG_WARN_NON_LITERAL_NULL_CONVERSION = YES;
				CLANG_WARN_OBJC_IMPLICIT_RETAIN_SELF = YES;
				CLANG_WARN_OBJC_LITERAL_CONVERSION = YES;
				CLANG_WARN_OBJC_ROOT_CLASS = YES_ERROR;
				CLANG_WARN_QUOTED_INCLUDE_IN_FRAMEWORK_HEADER = YES;
				CLANG_WARN_RANGE_LOOP_ANALYSIS = YES;
				CLANG_WARN_STRICT_PROTOTYPES = YES;
				CLANG_WARN_SUSPICIOUS_MOVE = YES;
				CLANG_WARN_UNGUARDED_AVAILABILITY = YES_AGGRESSIVE;
				CLANG_WARN_UNREACHABLE_CODE = YES;
				CLANG_WARN__DUPLICATE_METHOD_MATCH = YES;
				COPY_PHASE_STRIP = NO;
				DEBUG_INFORMATION_FORMAT = dwarf;
				ENABLE_STRICT_OBJC_MSGSEND = YES;
				ENABLE_TESTABILITY = YES;
				GCC_C_LANGUAGE_STANDARD = gnu11;
				GCC_DYNAMIC_NO_PIC = NO;
				GCC_NO_COMMON_BLOCKS = YES;
				GCC_OPTIMIZATION_LEVEL = 0;
				GCC_PREPROCESSOR_DEFINITIONS = (
					"DEBUG=1",
					"$(inherited)",
				);
				GCC_WARN_64_TO_32_BIT_CONVERSION = YES;
				GCC_WARN_ABOUT_RETURN_TYPE = YES_ERROR;
				GCC_WARN_UNDECLARED_SELECTOR = YES;
				GCC_WARN_UNINITIALIZED_AUTOS = YES_AGGRESSIVE;
				GCC_WARN_UNUSED_FUNCTION = YES;
				GCC_WARN_UNUSED_VARIABLE = YES;
				IPHONEOS_DEPLOYMENT_TARGET = 13.0;
				MTL_ENABLE_DEBUG_INFO = INCLUDE_SOURCE;
				MTL_FAST_MATH = YES;
				ONLY_ACTIVE_ARCH = YES;
				SDKROOT = iphoneos;
				SWIFT_ACTIVE_COMPILATION_CONDITIONS = DEBUG;
				SWIFT_OPTIMIZATION_LEVEL = "-Onone";
			};
			name = Debug;
		};
		ABA21332296EA95D00F1D2F7 /* Release */ = {
			isa = XCBuildConfiguration;
			buildSettings = {
				ALWAYS_SEARCH_USER_PATHS = NO;
				CLANG_ANALYZER_LOCALIZABILITY_NONLOCALIZED = YES;
				CLANG_ANALYZER_NONNULL = YES;
				CLANG_ANALYZER_NUMBER_OBJECT_CONVERSION = YES_AGGRESSIVE;
				CLANG_CXX_LANGUAGE_STANDARD = "gnu++20";
				CLANG_ENABLE_MODULES = YES;
				CLANG_ENABLE_OBJC_ARC = YES;
				CLANG_ENABLE_OBJC_WEAK = YES;
				CLANG_WARN_BLOCK_CAPTURE_AUTORELEASING = YES;
				CLANG_WARN_BOOL_CONVERSION = YES;
				CLANG_WARN_COMMA = YES;
				CLANG_WARN_CONSTANT_CONVERSION = YES;
				CLANG_WARN_DEPRECATED_OBJC_IMPLEMENTATIONS = YES;
				CLANG_WARN_DIRECT_OBJC_ISA_USAGE = YES_ERROR;
				CLANG_WARN_DOCUMENTATION_COMMENTS = YES;
				CLANG_WARN_EMPTY_BODY = YES;
				CLANG_WARN_ENUM_CONVERSION = YES;
				CLANG_WARN_INFINITE_RECURSION = YES;
				CLANG_WARN_INT_CONVERSION = YES;
				CLANG_WARN_NON_LITERAL_NULL_CONVERSION = YES;
				CLANG_WARN_OBJC_IMPLICIT_RETAIN_SELF = YES;
				CLANG_WARN_OBJC_LITERAL_CONVERSION = YES;
				CLANG_WARN_OBJC_ROOT_CLASS = YES_ERROR;
				CLANG_WARN_QUOTED_INCLUDE_IN_FRAMEWORK_HEADER = YES;
				CLANG_WARN_RANGE_LOOP_ANALYSIS = YES;
				CLANG_WARN_STRICT_PROTOTYPES = YES;
				CLANG_WARN_SUSPICIOUS_MOVE = YES;
				CLANG_WARN_UNGUARDED_AVAILABILITY = YES_AGGRESSIVE;
				CLANG_WARN_UNREACHABLE_CODE = YES;
				CLANG_WARN__DUPLICATE_METHOD_MATCH = YES;
				COPY_PHASE_STRIP = NO;
				DEBUG_INFORMATION_FORMAT = "dwarf-with-dsym";
				ENABLE_NS_ASSERTIONS = NO;
				ENABLE_STRICT_OBJC_MSGSEND = YES;
				GCC_C_LANGUAGE_STANDARD = gnu11;
				GCC_NO_COMMON_BLOCKS = YES;
				GCC_WARN_64_TO_32_BIT_CONVERSION = YES;
				GCC_WARN_ABOUT_RETURN_TYPE = YES_ERROR;
				GCC_WARN_UNDECLARED_SELECTOR = YES;
				GCC_WARN_UNINITIALIZED_AUTOS = YES_AGGRESSIVE;
				GCC_WARN_UNUSED_FUNCTION = YES;
				GCC_WARN_UNUSED_VARIABLE = YES;
				IPHONEOS_DEPLOYMENT_TARGET = 13.0;
				MTL_ENABLE_DEBUG_INFO = NO;
				MTL_FAST_MATH = YES;
				SDKROOT = iphoneos;
				SWIFT_COMPILATION_MODE = wholemodule;
				SWIFT_OPTIMIZATION_LEVEL = "-O";
				VALIDATE_PRODUCT = YES;
			};
			name = Release;
		};
		ABA21334296EA95D00F1D2F7 /* Debug */ = {
			isa = XCBuildConfiguration;
			buildSettings = {
				ASSETCATALOG_COMPILER_APPICON_NAME = AppIcon;
				ASSETCATALOG_COMPILER_GLOBAL_ACCENT_COLOR_NAME = AccentColor;
				CODE_SIGN_ENTITLEMENTS = Startalk/Startalk.entitlements;
				CODE_SIGN_STYLE = Automatic;
				CURRENT_PROJECT_VERSION = 1;
				DEVELOPMENT_TEAM = CXAJ3S9LVA;
				GENERATE_INFOPLIST_FILE = YES;
				INFOPLIST_FILE = Startalk/Info.plist;
				INFOPLIST_KEY_NSCameraUsageDescription = "Use camera to scan QR Code";
				INFOPLIST_KEY_UIApplicationSupportsIndirectInputEvents = YES;
				INFOPLIST_KEY_UILaunchStoryboardName = LaunchScreen;
				INFOPLIST_KEY_UIMainStoryboardFile = Main;
				INFOPLIST_KEY_UISupportedInterfaceOrientations = UIInterfaceOrientationPortrait;
				INFOPLIST_KEY_UISupportedInterfaceOrientations_iPad = "UIInterfaceOrientationLandscapeLeft UIInterfaceOrientationLandscapeRight UIInterfaceOrientationPortrait UIInterfaceOrientationPortraitUpsideDown";
				LD_RUNPATH_SEARCH_PATHS = (
					"$(inherited)",
					"@executable_path/Frameworks",
				);
				MARKETING_VERSION = 2.0;
				PRODUCT_BUNDLE_IDENTIFIER = com.im.startalk;
				PRODUCT_NAME = "$(TARGET_NAME)";
				SWIFT_EMIT_LOC_STRINGS = YES;
				SWIFT_VERSION = 5.0;
				TARGETED_DEVICE_FAMILY = "1,2";
			};
			name = Debug;
		};
		ABA21335296EA95D00F1D2F7 /* Release */ = {
			isa = XCBuildConfiguration;
			buildSettings = {
				ASSETCATALOG_COMPILER_APPICON_NAME = AppIcon;
				ASSETCATALOG_COMPILER_GLOBAL_ACCENT_COLOR_NAME = AccentColor;
				CODE_SIGN_ENTITLEMENTS = Startalk/Startalk.entitlements;
				CODE_SIGN_STYLE = Automatic;
				CURRENT_PROJECT_VERSION = 1;
				DEVELOPMENT_TEAM = CXAJ3S9LVA;
				GENERATE_INFOPLIST_FILE = YES;
				INFOPLIST_FILE = Startalk/Info.plist;
				INFOPLIST_KEY_NSCameraUsageDescription = "Use camera to scan QR Code";
				INFOPLIST_KEY_UIApplicationSupportsIndirectInputEvents = YES;
				INFOPLIST_KEY_UILaunchStoryboardName = LaunchScreen;
				INFOPLIST_KEY_UIMainStoryboardFile = Main;
				INFOPLIST_KEY_UISupportedInterfaceOrientations = UIInterfaceOrientationPortrait;
				INFOPLIST_KEY_UISupportedInterfaceOrientations_iPad = "UIInterfaceOrientationLandscapeLeft UIInterfaceOrientationLandscapeRight UIInterfaceOrientationPortrait UIInterfaceOrientationPortraitUpsideDown";
				LD_RUNPATH_SEARCH_PATHS = (
					"$(inherited)",
					"@executable_path/Frameworks",
				);
				MARKETING_VERSION = 2.0;
				PRODUCT_BUNDLE_IDENTIFIER = com.im.startalk;
				PRODUCT_NAME = "$(TARGET_NAME)";
				SWIFT_EMIT_LOC_STRINGS = YES;
				SWIFT_VERSION = 5.0;
				TARGETED_DEVICE_FAMILY = "1,2";
			};
			name = Release;
		};
/* End XCBuildConfiguration section */

/* Begin XCConfigurationList section */
		ABA21317296EA95C00F1D2F7 /* Build configuration list for PBXProject "Startalk" */ = {
			isa = XCConfigurationList;
			buildConfigurations = (
				ABA21331296EA95D00F1D2F7 /* Debug */,
				ABA21332296EA95D00F1D2F7 /* Release */,
			);
			defaultConfigurationIsVisible = 0;
			defaultConfigurationName = Release;
		};
		ABA21333296EA95D00F1D2F7 /* Build configuration list for PBXNativeTarget "Startalk" */ = {
			isa = XCConfigurationList;
			buildConfigurations = (
				ABA21334296EA95D00F1D2F7 /* Debug */,
				ABA21335296EA95D00F1D2F7 /* Release */,
			);
			defaultConfigurationIsVisible = 0;
			defaultConfigurationName = Release;
		};
/* End XCConfigurationList section */

/* Begin XCVersionGroup section */
		ABA21328296EA95C00F1D2F7 /* Startalk.xcdatamodeld */ = {
			isa = XCVersionGroup;
			children = (
				ABA21329296EA95C00F1D2F7 /* Startalk.xcdatamodel */,
			);
			currentVersion = ABA21329296EA95C00F1D2F7 /* Startalk.xcdatamodel */;
			path = Startalk.xcdatamodeld;
			sourceTree = "<group>";
			versionGroupType = wrapper.xcdatamodel;
		};
/* End XCVersionGroup section */
	};
	rootObject = ABA21314296EA95C00F1D2F7 /* Project object */;
}
